// !$*UTF8*$!
{
	archiveVersion = 1;
	classes = {
	};
	objectVersion = 52;
	objects = {

/* Begin PBXBuildFile section */
		730471C2263F258600D451DA /* MainQueueDispatchDecorator.swift in Sources */ = {isa = PBXBuildFile; fileRef = 730471C1263F258600D451DA /* MainQueueDispatchDecorator.swift */; };
		730471CA263F261B00D451DA /* WeakRefVirtualProxy.swift in Sources */ = {isa = PBXBuildFile; fileRef = 730471C9263F261B00D451DA /* WeakRefVirtualProxy.swift */; };
		730471D1263F269D00D451DA /* FeedLoaderPresentationAdapter.swift in Sources */ = {isa = PBXBuildFile; fileRef = 730471D0263F269D00D451DA /* FeedLoaderPresentationAdapter.swift */; };
		730471D8263F26F800D451DA /* FeedImagePresentationAdapter.swift in Sources */ = {isa = PBXBuildFile; fileRef = 730471D7263F26F800D451DA /* FeedImagePresentationAdapter.swift */; };
		730471DF263F275E00D451DA /* FeedViewAdapter.swift in Sources */ = {isa = PBXBuildFile; fileRef = 730471DE263F275E00D451DA /* FeedViewAdapter.swift */; };
		7323A77B263E9E7E000692EE /* FeedViewControllerTests+Localizations.swift in Sources */ = {isa = PBXBuildFile; fileRef = 7323A77A263E9E7E000692EE /* FeedViewControllerTests+Localizations.swift */; };
		733506E225FBED8C00E1CB02 /* FeedCachePolicy.swift in Sources */ = {isa = PBXBuildFile; fileRef = 733506E125FBED8C00E1CB02 /* FeedCachePolicy.swift */; };
		733506E725FE2DE400E1CB02 /* CodableFeedStoreTests.swift in Sources */ = {isa = PBXBuildFile; fileRef = 733506E625FE2DE400E1CB02 /* CodableFeedStoreTests.swift */; };
		734768BB261B7C0800351C01 /* EssentialFeed.framework in Frameworks */ = {isa = PBXBuildFile; fileRef = 9AFDCB7325D48A44007B7D6D /* EssentialFeed.framework */; platformFilter = ios; };
		734768BC261B7C0800351C01 /* EssentialFeed.framework in Embed Frameworks */ = {isa = PBXBuildFile; fileRef = 9AFDCB7325D48A44007B7D6D /* EssentialFeed.framework */; platformFilter = ios; settings = {ATTRIBUTES = (CodeSignOnCopy, RemoveHeadersOnCopy, ); }; };
		734768C5261B7F6D00351C01 /* XCTestCase+MemoryLeakTrackingHelper.swift in Sources */ = {isa = PBXBuildFile; fileRef = 73E46F5625E1D18B0005A2CA /* XCTestCase+MemoryLeakTrackingHelper.swift */; };
		734768CC261B977900351C01 /* FeedViewController.swift in Sources */ = {isa = PBXBuildFile; fileRef = 734768CB261B977900351C01 /* FeedViewController.swift */; };
		734768D3261D0CE400351C01 /* FeedImageCell.swift in Sources */ = {isa = PBXBuildFile; fileRef = 734768D2261D0CE400351C01 /* FeedImageCell.swift */; };
		734768E52622622200351C01 /* UIView+Shimmering.swift in Sources */ = {isa = PBXBuildFile; fileRef = 734768E42622622200351C01 /* UIView+Shimmering.swift */; };
		734768ED2624ECC800351C01 /* UIImage+TestHelpers.swift in Sources */ = {isa = PBXBuildFile; fileRef = 734768EC2624ECC800351C01 /* UIImage+TestHelpers.swift */; };
		734768F92624ED5000351C01 /* UIRefreshControl+TestHelpers.swift in Sources */ = {isa = PBXBuildFile; fileRef = 734768F82624ED5000351C01 /* UIRefreshControl+TestHelpers.swift */; };
		734769002624ED8A00351C01 /* UIButton+TestHelpers.swift in Sources */ = {isa = PBXBuildFile; fileRef = 734768FF2624ED8A00351C01 /* UIButton+TestHelpers.swift */; };
		734769072624EDED00351C01 /* UIControl+TestHelpers.swift in Sources */ = {isa = PBXBuildFile; fileRef = 734769062624EDED00351C01 /* UIControl+TestHelpers.swift */; };
		734769162624EF4700351C01 /* FeedViewController+TestHelpers.swift in Sources */ = {isa = PBXBuildFile; fileRef = 734769152624EF4700351C01 /* FeedViewController+TestHelpers.swift */; };
		7347691D2624EFC900351C01 /* FeedImageCell+TestHelpers.swift in Sources */ = {isa = PBXBuildFile; fileRef = 7347691C2624EFC900351C01 /* FeedImageCell+TestHelpers.swift */; };
		734769242624F07400351C01 /* FeedViewControllerTests+LoaderSpy.swift in Sources */ = {isa = PBXBuildFile; fileRef = 734769232624F07400351C01 /* FeedViewControllerTests+LoaderSpy.swift */; };
		7347692B2624F0F600351C01 /* FeedViewControllerTests+Assertions.swift in Sources */ = {isa = PBXBuildFile; fileRef = 7347692A2624F0F600351C01 /* FeedViewControllerTests+Assertions.swift */; };
		73507217265A9C5D004A0D11 /* CoreDataFeedStore.swift in Sources */ = {isa = PBXBuildFile; fileRef = 73507216265A9C5D004A0D11 /* CoreDataFeedStore.swift */; };
		73507233265B032B004A0D11 /* CoreDataHelpers.swift in Sources */ = {isa = PBXBuildFile; fileRef = 73507232265B032B004A0D11 /* CoreDataHelpers.swift */; };
		7350723D265B0389004A0D11 /* ManagedCache.swift in Sources */ = {isa = PBXBuildFile; fileRef = 7350723C265B0389004A0D11 /* ManagedCache.swift */; };
		73507243265B03E2004A0D11 /* ManagedFeedImage.swift in Sources */ = {isa = PBXBuildFile; fileRef = 73507242265B03E2004A0D11 /* ManagedFeedImage.swift */; };
		73599196266EC35800FD33CB /* HTTPURLResponse+StatusCode.swift in Sources */ = {isa = PBXBuildFile; fileRef = 73599195266EC35800FD33CB /* HTTPURLResponse+StatusCode.swift */; };
		7359919D266EC3C500FD33CB /* URLProtocolStub.swift in Sources */ = {isa = PBXBuildFile; fileRef = 7359919C266EC3C500FD33CB /* URLProtocolStub.swift */; };
		7359F55426069A88007D8BD9 /* XCTestCase+FailableRetrieveFeedStoreSpecs.swift in Sources */ = {isa = PBXBuildFile; fileRef = 7359F55326069A88007D8BD9 /* XCTestCase+FailableRetrieveFeedStoreSpecs.swift */; };
		7359F55926069C73007D8BD9 /* XCTestCase+FailableInsertFeedStoreSpecs.swift in Sources */ = {isa = PBXBuildFile; fileRef = 7359F55826069C73007D8BD9 /* XCTestCase+FailableInsertFeedStoreSpecs.swift */; };
		7359F55E26069E05007D8BD9 /* XCTestCase+FailableDeleteFeedStoreSpecs.swift in Sources */ = {isa = PBXBuildFile; fileRef = 7359F55D26069E05007D8BD9 /* XCTestCase+FailableDeleteFeedStoreSpecs.swift */; };
		7362CCEF2663D29C002044E0 /* FeedErrorViewModel.swift in Sources */ = {isa = PBXBuildFile; fileRef = 7362CCEE2663D29C002044E0 /* FeedErrorViewModel.swift */; };
		7362CCFB2663E1BB002044E0 /* ErrorView.swift in Sources */ = {isa = PBXBuildFile; fileRef = 7362CCFA2663E1BB002044E0 /* ErrorView.swift */; };
		7362CD36266BB22A002044E0 /* FeedImageDataLoader.swift in Sources */ = {isa = PBXBuildFile; fileRef = 734769392624F1FB00351C01 /* FeedImageDataLoader.swift */; };
		7362CD55266BB334002044E0 /* LoadFeedImageDataFromRemoteUseCaseTests.swift in Sources */ = {isa = PBXBuildFile; fileRef = 7362CD54266BB334002044E0 /* LoadFeedImageDataFromRemoteUseCaseTests.swift */; };
		73632D522617ADEA00727109 /* EssentialFeedCacheIntegrationTests.swift in Sources */ = {isa = PBXBuildFile; fileRef = 73632D512617ADEA00727109 /* EssentialFeedCacheIntegrationTests.swift */; };
		73632D542617ADEA00727109 /* EssentialFeed.framework in Frameworks */ = {isa = PBXBuildFile; fileRef = 9AFDCB7325D48A44007B7D6D /* EssentialFeed.framework */; };
		73632D622617B2B200727109 /* XCTestCase+MemoryLeakTrackingHelper.swift in Sources */ = {isa = PBXBuildFile; fileRef = 73E46F5625E1D18B0005A2CA /* XCTestCase+MemoryLeakTrackingHelper.swift */; };
		73632D672617B53C00727109 /* FeedCacheTestHelpers.swift in Sources */ = {isa = PBXBuildFile; fileRef = 73666A1F25FADE9E00200F6D /* FeedCacheTestHelpers.swift */; };
		73632D6C2617B54C00727109 /* SharedTestHelpers.swift in Sources */ = {isa = PBXBuildFile; fileRef = 73666A2425FADF6A00200F6D /* SharedTestHelpers.swift */; };
		73666A1B25FAD9EE00200F6D /* ValidateFeedCacheUseCaseTests.swift in Sources */ = {isa = PBXBuildFile; fileRef = 73666A1A25FAD9EE00200F6D /* ValidateFeedCacheUseCaseTests.swift */; };
		73666A2025FADE9E00200F6D /* FeedCacheTestHelpers.swift in Sources */ = {isa = PBXBuildFile; fileRef = 73666A1F25FADE9E00200F6D /* FeedCacheTestHelpers.swift */; };
		73666A2525FADF6A00200F6D /* SharedTestHelpers.swift in Sources */ = {isa = PBXBuildFile; fileRef = 73666A2425FADF6A00200F6D /* SharedTestHelpers.swift */; };
		7366AC78261B530B00773EA4 /* EssentialFeediOS.framework in Frameworks */ = {isa = PBXBuildFile; fileRef = 7366AC6F261B530B00773EA4 /* EssentialFeediOS.framework */; };
		7366ACA1261B64A200773EA4 /* FeedUIIntegrationTests.swift in Sources */ = {isa = PBXBuildFile; fileRef = 7366ACA0261B64A200773EA4 /* FeedUIIntegrationTests.swift */; };
		736C610125F4F99100C11512 /* LoadFeedFromCacheUseCaseTests.swift in Sources */ = {isa = PBXBuildFile; fileRef = 736C610025F4F99100C11512 /* LoadFeedFromCacheUseCaseTests.swift */; };
		736C610725F4FABA00C11512 /* FeedStoreSpy.swift in Sources */ = {isa = PBXBuildFile; fileRef = 736C610625F4FABA00C11512 /* FeedStoreSpy.swift */; };
		73734C8D25F3AFBA008EE215 /* LocalFeedLoader.swift in Sources */ = {isa = PBXBuildFile; fileRef = 73734C8C25F3AFBA008EE215 /* LocalFeedLoader.swift */; };
		73734C9525F3B046008EE215 /* FeedStore.swift in Sources */ = {isa = PBXBuildFile; fileRef = 73734C9425F3B046008EE215 /* FeedStore.swift */; };
		73734C9A25F3E5D9008EE215 /* RemoteFeedItem.swift in Sources */ = {isa = PBXBuildFile; fileRef = 73734C9925F3E5D9008EE215 /* RemoteFeedItem.swift */; };
		73734CA225F3E63D008EE215 /* LocalFeedImage.swift in Sources */ = {isa = PBXBuildFile; fileRef = 73734CA125F3E63D008EE215 /* LocalFeedImage.swift */; };
		7378604125DDC95E00425332 /* URLSessionHTTPClientTests.swift in Sources */ = {isa = PBXBuildFile; fileRef = 7378604025DDC95E00425332 /* URLSessionHTTPClientTests.swift */; };
		737E1F5D2662F38D00C98B88 /* FeedImagePresenterTests.swift in Sources */ = {isa = PBXBuildFile; fileRef = 737E1F5C2662F38D00C98B88 /* FeedImagePresenterTests.swift */; };
		737E1F7D2663A4BF00C98B88 /* FeedImagePresenter.swift in Sources */ = {isa = PBXBuildFile; fileRef = 737E1F7C2663A4BF00C98B88 /* FeedImagePresenter.swift */; };
		737E1F942663B24900C98B88 /* FeedImageViewModel.swift in Sources */ = {isa = PBXBuildFile; fileRef = 737E1F932663B24900C98B88 /* FeedImageViewModel.swift */; };
		7387D019266D4EEE00731B9D /* HTTPClientSpy.swift in Sources */ = {isa = PBXBuildFile; fileRef = 7387D018266D4EEE00731B9D /* HTTPClientSpy.swift */; };
		7387D031266D4FA900731B9D /* RemoteFeedImageDataLoader.swift in Sources */ = {isa = PBXBuildFile; fileRef = 7387D030266D4FA900731B9D /* RemoteFeedImageDataLoader.swift */; };
		738C8E19265982C300AF7545 /* CoreDataFeedStoreTests.swift in Sources */ = {isa = PBXBuildFile; fileRef = 738C8E18265982C300AF7545 /* CoreDataFeedStoreTests.swift */; };
		73952CEF263DE94A00B1A208 /* UITableView+Dequeueing.swift in Sources */ = {isa = PBXBuildFile; fileRef = 73952CEE263DE94A00B1A208 /* UITableView+Dequeueing.swift */; };
		73952CF7263E08DB00B1A208 /* UIImageView+Animations.swift in Sources */ = {isa = PBXBuildFile; fileRef = 73952CF6263E08DB00B1A208 /* UIImageView+Animations.swift */; };
		739B47B6266043E3007F34B0 /* FeedPresenterTests.swift in Sources */ = {isa = PBXBuildFile; fileRef = 739B47B5266043E3007F34B0 /* FeedPresenterTests.swift */; };
		739B47D326629941007F34B0 /* FeedPresenter.swift in Sources */ = {isa = PBXBuildFile; fileRef = 739B47D226629941007F34B0 /* FeedPresenter.swift */; };
		739B47D9266299A6007F34B0 /* Feed.strings in Resources */ = {isa = PBXBuildFile; fileRef = 739B47CA2662941C007F34B0 /* Feed.strings */; };
		739B47E526629AFC007F34B0 /* FeedViewModel.swift in Sources */ = {isa = PBXBuildFile; fileRef = 739B47E426629AFC007F34B0 /* FeedViewModel.swift */; };
		739B47EC26629B1B007F34B0 /* FeedLoadingViewModel.swift in Sources */ = {isa = PBXBuildFile; fileRef = 739B47EB26629B1B007F34B0 /* FeedLoadingViewModel.swift */; };
		739B480726629DB8007F34B0 /* FeedLocalizationTests.swift in Sources */ = {isa = PBXBuildFile; fileRef = 7323A79A263EADC1000692EE /* FeedLocalizationTests.swift */; };
		73A352B0265A968D00572AAD /* CoreDataFeedStore.xcdatamodeld in Sources */ = {isa = PBXBuildFile; fileRef = 73A352AE265A968D00572AAD /* CoreDataFeedStore.xcdatamodeld */; };
		73ACDE452624F5E300E99C36 /* FeedRefreshController.swift in Sources */ = {isa = PBXBuildFile; fileRef = 73ACDE442624F5E300E99C36 /* FeedRefreshController.swift */; };
		73ACDE522624FC0E00E99C36 /* FeedImageCellController.swift in Sources */ = {isa = PBXBuildFile; fileRef = 73ACDE512624FC0E00E99C36 /* FeedImageCellController.swift */; };
		73ACDE5A2626491D00E99C36 /* FeedUIComposer.swift in Sources */ = {isa = PBXBuildFile; fileRef = 73ACDE592626491C00E99C36 /* FeedUIComposer.swift */; };
		73BF706525EADF5700AFBAB2 /* CacheFeedUseCaseTests.swift in Sources */ = {isa = PBXBuildFile; fileRef = 73BF706425EADF5700AFBAB2 /* CacheFeedUseCaseTests.swift */; };
		73E46F5725E1D18B0005A2CA /* XCTestCase+MemoryLeakTrackingHelper.swift in Sources */ = {isa = PBXBuildFile; fileRef = 73E46F5625E1D18B0005A2CA /* XCTestCase+MemoryLeakTrackingHelper.swift */; };
		73E46F6625E2F2D50005A2CA /* URLSessionHTTPClient.swift in Sources */ = {isa = PBXBuildFile; fileRef = 73E46F6525E2F2D50005A2CA /* URLSessionHTTPClient.swift */; };
		73E46F7025E463D60005A2CA /* EssentialFeedAPIEndToEndTests.swift in Sources */ = {isa = PBXBuildFile; fileRef = 73E46F6F25E463D60005A2CA /* EssentialFeedAPIEndToEndTests.swift */; };
		73E46F7225E463D60005A2CA /* EssentialFeed.framework in Frameworks */ = {isa = PBXBuildFile; fileRef = 9AFDCB7325D48A44007B7D6D /* EssentialFeed.framework */; };
		73E46F7B25E47F000005A2CA /* XCTestCase+MemoryLeakTrackingHelper.swift in Sources */ = {isa = PBXBuildFile; fileRef = 73E46F5625E1D18B0005A2CA /* XCTestCase+MemoryLeakTrackingHelper.swift */; };
		73F686D22604024C00CEFA6F /* CodableFeedStore.swift in Sources */ = {isa = PBXBuildFile; fileRef = 73F686D12604024C00CEFA6F /* CodableFeedStore.swift */; };
		73F686D726061DB200CEFA6F /* FeedStoreSpecs.swift in Sources */ = {isa = PBXBuildFile; fileRef = 73F686D626061DB200CEFA6F /* FeedStoreSpecs.swift */; };
		73F686DC26061E8900CEFA6F /* XCTestCase+FeedStoreSpecs.swift in Sources */ = {isa = PBXBuildFile; fileRef = 73F686DB26061E8900CEFA6F /* XCTestCase+FeedStoreSpecs.swift */; };
		9A6131BD25D49935009C5C60 /* LoadFeedFromRemoteUseCaseTests.swift in Sources */ = {isa = PBXBuildFile; fileRef = 9A6131BC25D49935009C5C60 /* LoadFeedFromRemoteUseCaseTests.swift */; };
		9AEC77B625D5D8FA00DBA48D /* RemoteFeedLoader.swift in Sources */ = {isa = PBXBuildFile; fileRef = 9AEC77B525D5D8FA00DBA48D /* RemoteFeedLoader.swift */; };
		9AEC7CAD25DAB98800DBA48D /* HTTPClient.swift in Sources */ = {isa = PBXBuildFile; fileRef = 9AEC7CAC25DAB98800DBA48D /* HTTPClient.swift */; };
		9AEC7D7625DB1E4300DBA48D /* FeedItemsMapper.swift in Sources */ = {isa = PBXBuildFile; fileRef = 9AEC7D7525DB1E4300DBA48D /* FeedItemsMapper.swift */; };
		9AFDCB7D25D48A45007B7D6D /* EssentialFeed.framework in Frameworks */ = {isa = PBXBuildFile; fileRef = 9AFDCB7325D48A44007B7D6D /* EssentialFeed.framework */; };
		9AFDCB9325D48BA1007B7D6D /* FeedLoader.swift in Sources */ = {isa = PBXBuildFile; fileRef = 9AFDCB9225D48BA1007B7D6D /* FeedLoader.swift */; };
		9AFDCB9725D48C24007B7D6D /* FeedImage.swift in Sources */ = {isa = PBXBuildFile; fileRef = 9AFDCB9625D48C24007B7D6D /* FeedImage.swift */; };
/* End PBXBuildFile section */

/* Begin PBXContainerItemProxy section */
		734768BD261B7C0800351C01 /* PBXContainerItemProxy */ = {
			isa = PBXContainerItemProxy;
			containerPortal = 9AFDCB6A25D48A44007B7D6D /* Project object */;
			proxyType = 1;
			remoteGlobalIDString = 9AFDCB7225D48A44007B7D6D;
			remoteInfo = EssentialFeed;
		};
		73632D552617ADEA00727109 /* PBXContainerItemProxy */ = {
			isa = PBXContainerItemProxy;
			containerPortal = 9AFDCB6A25D48A44007B7D6D /* Project object */;
			proxyType = 1;
			remoteGlobalIDString = 9AFDCB7225D48A44007B7D6D;
			remoteInfo = EssentialFeed;
		};
		7366AC79261B530B00773EA4 /* PBXContainerItemProxy */ = {
			isa = PBXContainerItemProxy;
			containerPortal = 9AFDCB6A25D48A44007B7D6D /* Project object */;
			proxyType = 1;
			remoteGlobalIDString = 7366AC6E261B530B00773EA4;
			remoteInfo = EssentialFeediOS;
		};
		73E46F7325E463D60005A2CA /* PBXContainerItemProxy */ = {
			isa = PBXContainerItemProxy;
			containerPortal = 9AFDCB6A25D48A44007B7D6D /* Project object */;
			proxyType = 1;
			remoteGlobalIDString = 9AFDCB7225D48A44007B7D6D;
			remoteInfo = EssentialFeed;
		};
		9AFDCB7E25D48A45007B7D6D /* PBXContainerItemProxy */ = {
			isa = PBXContainerItemProxy;
			containerPortal = 9AFDCB6A25D48A44007B7D6D /* Project object */;
			proxyType = 1;
			remoteGlobalIDString = 9AFDCB7225D48A44007B7D6D;
			remoteInfo = EssentialFeed;
		};
/* End PBXContainerItemProxy section */

/* Begin PBXCopyFilesBuildPhase section */
		734768BF261B7C0800351C01 /* Embed Frameworks */ = {
			isa = PBXCopyFilesBuildPhase;
			buildActionMask = 2147483647;
			dstPath = "";
			dstSubfolderSpec = 10;
			files = (
				734768BC261B7C0800351C01 /* EssentialFeed.framework in Embed Frameworks */,
			);
			name = "Embed Frameworks";
			runOnlyForDeploymentPostprocessing = 0;
		};
/* End PBXCopyFilesBuildPhase section */

/* Begin PBXFileReference section */
		730471C1263F258600D451DA /* MainQueueDispatchDecorator.swift */ = {isa = PBXFileReference; lastKnownFileType = sourcecode.swift; path = MainQueueDispatchDecorator.swift; sourceTree = "<group>"; };
		730471C9263F261B00D451DA /* WeakRefVirtualProxy.swift */ = {isa = PBXFileReference; lastKnownFileType = sourcecode.swift; path = WeakRefVirtualProxy.swift; sourceTree = "<group>"; };
		730471D0263F269D00D451DA /* FeedLoaderPresentationAdapter.swift */ = {isa = PBXFileReference; lastKnownFileType = sourcecode.swift; path = FeedLoaderPresentationAdapter.swift; sourceTree = "<group>"; };
		730471D7263F26F800D451DA /* FeedImagePresentationAdapter.swift */ = {isa = PBXFileReference; lastKnownFileType = sourcecode.swift; path = FeedImagePresentationAdapter.swift; sourceTree = "<group>"; };
		730471DE263F275E00D451DA /* FeedViewAdapter.swift */ = {isa = PBXFileReference; lastKnownFileType = sourcecode.swift; path = FeedViewAdapter.swift; sourceTree = "<group>"; };
		7323A77A263E9E7E000692EE /* FeedViewControllerTests+Localizations.swift */ = {isa = PBXFileReference; lastKnownFileType = sourcecode.swift; path = "FeedViewControllerTests+Localizations.swift"; sourceTree = "<group>"; };
		7323A79A263EADC1000692EE /* FeedLocalizationTests.swift */ = {isa = PBXFileReference; lastKnownFileType = sourcecode.swift; path = FeedLocalizationTests.swift; sourceTree = "<group>"; };
		733506E125FBED8C00E1CB02 /* FeedCachePolicy.swift */ = {isa = PBXFileReference; lastKnownFileType = sourcecode.swift; path = FeedCachePolicy.swift; sourceTree = "<group>"; };
		733506E625FE2DE400E1CB02 /* CodableFeedStoreTests.swift */ = {isa = PBXFileReference; lastKnownFileType = sourcecode.swift; path = CodableFeedStoreTests.swift; sourceTree = "<group>"; };
		734768CB261B977900351C01 /* FeedViewController.swift */ = {isa = PBXFileReference; lastKnownFileType = sourcecode.swift; path = FeedViewController.swift; sourceTree = "<group>"; };
		734768D2261D0CE400351C01 /* FeedImageCell.swift */ = {isa = PBXFileReference; lastKnownFileType = sourcecode.swift; path = FeedImageCell.swift; sourceTree = "<group>"; };
		734768E42622622200351C01 /* UIView+Shimmering.swift */ = {isa = PBXFileReference; lastKnownFileType = sourcecode.swift; path = "UIView+Shimmering.swift"; sourceTree = "<group>"; };
		734768EC2624ECC800351C01 /* UIImage+TestHelpers.swift */ = {isa = PBXFileReference; lastKnownFileType = sourcecode.swift; path = "UIImage+TestHelpers.swift"; sourceTree = "<group>"; };
		734768F82624ED5000351C01 /* UIRefreshControl+TestHelpers.swift */ = {isa = PBXFileReference; lastKnownFileType = sourcecode.swift; path = "UIRefreshControl+TestHelpers.swift"; sourceTree = "<group>"; };
		734768FF2624ED8A00351C01 /* UIButton+TestHelpers.swift */ = {isa = PBXFileReference; lastKnownFileType = sourcecode.swift; path = "UIButton+TestHelpers.swift"; sourceTree = "<group>"; };
		734769062624EDED00351C01 /* UIControl+TestHelpers.swift */ = {isa = PBXFileReference; lastKnownFileType = sourcecode.swift; path = "UIControl+TestHelpers.swift"; sourceTree = "<group>"; };
		734769152624EF4700351C01 /* FeedViewController+TestHelpers.swift */ = {isa = PBXFileReference; lastKnownFileType = sourcecode.swift; path = "FeedViewController+TestHelpers.swift"; sourceTree = "<group>"; };
		7347691C2624EFC900351C01 /* FeedImageCell+TestHelpers.swift */ = {isa = PBXFileReference; lastKnownFileType = sourcecode.swift; path = "FeedImageCell+TestHelpers.swift"; sourceTree = "<group>"; };
		734769232624F07400351C01 /* FeedViewControllerTests+LoaderSpy.swift */ = {isa = PBXFileReference; lastKnownFileType = sourcecode.swift; path = "FeedViewControllerTests+LoaderSpy.swift"; sourceTree = "<group>"; };
		7347692A2624F0F600351C01 /* FeedViewControllerTests+Assertions.swift */ = {isa = PBXFileReference; lastKnownFileType = sourcecode.swift; path = "FeedViewControllerTests+Assertions.swift"; sourceTree = "<group>"; };
		734769392624F1FB00351C01 /* FeedImageDataLoader.swift */ = {isa = PBXFileReference; lastKnownFileType = sourcecode.swift; path = FeedImageDataLoader.swift; sourceTree = "<group>"; };
		73507216265A9C5D004A0D11 /* CoreDataFeedStore.swift */ = {isa = PBXFileReference; lastKnownFileType = sourcecode.swift; path = CoreDataFeedStore.swift; sourceTree = "<group>"; };
		73507232265B032B004A0D11 /* CoreDataHelpers.swift */ = {isa = PBXFileReference; lastKnownFileType = sourcecode.swift; path = CoreDataHelpers.swift; sourceTree = "<group>"; };
		7350723C265B0389004A0D11 /* ManagedCache.swift */ = {isa = PBXFileReference; lastKnownFileType = sourcecode.swift; path = ManagedCache.swift; sourceTree = "<group>"; };
		73507242265B03E2004A0D11 /* ManagedFeedImage.swift */ = {isa = PBXFileReference; lastKnownFileType = sourcecode.swift; path = ManagedFeedImage.swift; sourceTree = "<group>"; };
		73599195266EC35800FD33CB /* HTTPURLResponse+StatusCode.swift */ = {isa = PBXFileReference; lastKnownFileType = sourcecode.swift; path = "HTTPURLResponse+StatusCode.swift"; sourceTree = "<group>"; };
		7359919C266EC3C500FD33CB /* URLProtocolStub.swift */ = {isa = PBXFileReference; lastKnownFileType = sourcecode.swift; path = URLProtocolStub.swift; sourceTree = "<group>"; };
		7359F55326069A88007D8BD9 /* XCTestCase+FailableRetrieveFeedStoreSpecs.swift */ = {isa = PBXFileReference; lastKnownFileType = sourcecode.swift; path = "XCTestCase+FailableRetrieveFeedStoreSpecs.swift"; sourceTree = "<group>"; };
		7359F55826069C73007D8BD9 /* XCTestCase+FailableInsertFeedStoreSpecs.swift */ = {isa = PBXFileReference; lastKnownFileType = sourcecode.swift; path = "XCTestCase+FailableInsertFeedStoreSpecs.swift"; sourceTree = "<group>"; };
		7359F55D26069E05007D8BD9 /* XCTestCase+FailableDeleteFeedStoreSpecs.swift */ = {isa = PBXFileReference; lastKnownFileType = sourcecode.swift; path = "XCTestCase+FailableDeleteFeedStoreSpecs.swift"; sourceTree = "<group>"; };
		7362CCEE2663D29C002044E0 /* FeedErrorViewModel.swift */ = {isa = PBXFileReference; lastKnownFileType = sourcecode.swift; path = FeedErrorViewModel.swift; sourceTree = "<group>"; };
		7362CCFA2663E1BB002044E0 /* ErrorView.swift */ = {isa = PBXFileReference; lastKnownFileType = sourcecode.swift; path = ErrorView.swift; sourceTree = "<group>"; };
		7362CD54266BB334002044E0 /* LoadFeedImageDataFromRemoteUseCaseTests.swift */ = {isa = PBXFileReference; lastKnownFileType = sourcecode.swift; path = LoadFeedImageDataFromRemoteUseCaseTests.swift; sourceTree = "<group>"; };
		73632D4F2617ADEA00727109 /* EssentialFeedCacheIntegrationTests.xctest */ = {isa = PBXFileReference; explicitFileType = wrapper.cfbundle; includeInIndex = 0; path = EssentialFeedCacheIntegrationTests.xctest; sourceTree = BUILT_PRODUCTS_DIR; };
		73632D512617ADEA00727109 /* EssentialFeedCacheIntegrationTests.swift */ = {isa = PBXFileReference; lastKnownFileType = sourcecode.swift; path = EssentialFeedCacheIntegrationTests.swift; sourceTree = "<group>"; };
		73632D532617ADEA00727109 /* Info.plist */ = {isa = PBXFileReference; lastKnownFileType = text.plist.xml; path = Info.plist; sourceTree = "<group>"; };
		73666A1A25FAD9EE00200F6D /* ValidateFeedCacheUseCaseTests.swift */ = {isa = PBXFileReference; lastKnownFileType = sourcecode.swift; path = ValidateFeedCacheUseCaseTests.swift; sourceTree = "<group>"; };
		73666A1F25FADE9E00200F6D /* FeedCacheTestHelpers.swift */ = {isa = PBXFileReference; lastKnownFileType = sourcecode.swift; path = FeedCacheTestHelpers.swift; sourceTree = "<group>"; };
		73666A2425FADF6A00200F6D /* SharedTestHelpers.swift */ = {isa = PBXFileReference; lastKnownFileType = sourcecode.swift; path = SharedTestHelpers.swift; sourceTree = "<group>"; };
		7366AC6F261B530B00773EA4 /* EssentialFeediOS.framework */ = {isa = PBXFileReference; explicitFileType = wrapper.framework; includeInIndex = 0; path = EssentialFeediOS.framework; sourceTree = BUILT_PRODUCTS_DIR; };
		7366AC72261B530B00773EA4 /* Info.plist */ = {isa = PBXFileReference; lastKnownFileType = text.plist.xml; path = Info.plist; sourceTree = "<group>"; };
		7366AC77261B530B00773EA4 /* EssentialFeediOSTests.xctest */ = {isa = PBXFileReference; explicitFileType = wrapper.cfbundle; includeInIndex = 0; path = EssentialFeediOSTests.xctest; sourceTree = BUILT_PRODUCTS_DIR; };
		7366AC7E261B530B00773EA4 /* Info.plist */ = {isa = PBXFileReference; lastKnownFileType = text.plist.xml; path = Info.plist; sourceTree = "<group>"; };
		7366ACA0261B64A200773EA4 /* FeedUIIntegrationTests.swift */ = {isa = PBXFileReference; lastKnownFileType = sourcecode.swift; path = FeedUIIntegrationTests.swift; sourceTree = "<group>"; };
		736C610025F4F99100C11512 /* LoadFeedFromCacheUseCaseTests.swift */ = {isa = PBXFileReference; lastKnownFileType = sourcecode.swift; path = LoadFeedFromCacheUseCaseTests.swift; sourceTree = "<group>"; };
		736C610625F4FABA00C11512 /* FeedStoreSpy.swift */ = {isa = PBXFileReference; lastKnownFileType = sourcecode.swift; path = FeedStoreSpy.swift; sourceTree = "<group>"; };
		73734C8C25F3AFBA008EE215 /* LocalFeedLoader.swift */ = {isa = PBXFileReference; lastKnownFileType = sourcecode.swift; path = LocalFeedLoader.swift; sourceTree = "<group>"; };
		73734C9425F3B046008EE215 /* FeedStore.swift */ = {isa = PBXFileReference; lastKnownFileType = sourcecode.swift; path = FeedStore.swift; sourceTree = "<group>"; };
		73734C9925F3E5D9008EE215 /* RemoteFeedItem.swift */ = {isa = PBXFileReference; lastKnownFileType = sourcecode.swift; path = RemoteFeedItem.swift; sourceTree = "<group>"; };
		73734CA125F3E63D008EE215 /* LocalFeedImage.swift */ = {isa = PBXFileReference; lastKnownFileType = sourcecode.swift; path = LocalFeedImage.swift; sourceTree = "<group>"; };
		7378604025DDC95E00425332 /* URLSessionHTTPClientTests.swift */ = {isa = PBXFileReference; lastKnownFileType = sourcecode.swift; path = URLSessionHTTPClientTests.swift; sourceTree = "<group>"; };
		737E1F5C2662F38D00C98B88 /* FeedImagePresenterTests.swift */ = {isa = PBXFileReference; lastKnownFileType = sourcecode.swift; path = FeedImagePresenterTests.swift; sourceTree = "<group>"; };
		737E1F7C2663A4BF00C98B88 /* FeedImagePresenter.swift */ = {isa = PBXFileReference; lastKnownFileType = sourcecode.swift; path = FeedImagePresenter.swift; sourceTree = "<group>"; };
		737E1F932663B24900C98B88 /* FeedImageViewModel.swift */ = {isa = PBXFileReference; lastKnownFileType = sourcecode.swift; path = FeedImageViewModel.swift; sourceTree = "<group>"; };
		7387D018266D4EEE00731B9D /* HTTPClientSpy.swift */ = {isa = PBXFileReference; lastKnownFileType = sourcecode.swift; path = HTTPClientSpy.swift; sourceTree = "<group>"; };
		7387D030266D4FA900731B9D /* RemoteFeedImageDataLoader.swift */ = {isa = PBXFileReference; lastKnownFileType = sourcecode.swift; path = RemoteFeedImageDataLoader.swift; sourceTree = "<group>"; };
		738C8E18265982C300AF7545 /* CoreDataFeedStoreTests.swift */ = {isa = PBXFileReference; lastKnownFileType = sourcecode.swift; path = CoreDataFeedStoreTests.swift; sourceTree = "<group>"; };
		73952CEE263DE94A00B1A208 /* UITableView+Dequeueing.swift */ = {isa = PBXFileReference; lastKnownFileType = sourcecode.swift; path = "UITableView+Dequeueing.swift"; sourceTree = "<group>"; };
		73952CF6263E08DB00B1A208 /* UIImageView+Animations.swift */ = {isa = PBXFileReference; lastKnownFileType = sourcecode.swift; path = "UIImageView+Animations.swift"; sourceTree = "<group>"; };
		739B47B5266043E3007F34B0 /* FeedPresenterTests.swift */ = {isa = PBXFileReference; lastKnownFileType = sourcecode.swift; path = FeedPresenterTests.swift; sourceTree = "<group>"; };
		739B47C92662941C007F34B0 /* en */ = {isa = PBXFileReference; lastKnownFileType = text.plist.strings; name = en; path = en.lproj/Feed.strings; sourceTree = "<group>"; };
		739B47CB26629422007F34B0 /* it */ = {isa = PBXFileReference; lastKnownFileType = text.plist.strings; name = it; path = it.lproj/Feed.strings; sourceTree = "<group>"; };
		739B47D226629941007F34B0 /* FeedPresenter.swift */ = {isa = PBXFileReference; lastKnownFileType = sourcecode.swift; path = FeedPresenter.swift; sourceTree = "<group>"; };
		739B47E426629AFC007F34B0 /* FeedViewModel.swift */ = {isa = PBXFileReference; lastKnownFileType = sourcecode.swift; path = FeedViewModel.swift; sourceTree = "<group>"; };
		739B47EB26629B1B007F34B0 /* FeedLoadingViewModel.swift */ = {isa = PBXFileReference; lastKnownFileType = sourcecode.swift; path = FeedLoadingViewModel.swift; sourceTree = "<group>"; };
		73A352AF265A968D00572AAD /* CoreDataFeedStore.xcdatamodel */ = {isa = PBXFileReference; lastKnownFileType = wrapper.xcdatamodel; path = CoreDataFeedStore.xcdatamodel; sourceTree = "<group>"; };
		73ACDE442624F5E300E99C36 /* FeedRefreshController.swift */ = {isa = PBXFileReference; lastKnownFileType = sourcecode.swift; path = FeedRefreshController.swift; sourceTree = "<group>"; };
		73ACDE512624FC0E00E99C36 /* FeedImageCellController.swift */ = {isa = PBXFileReference; lastKnownFileType = sourcecode.swift; path = FeedImageCellController.swift; sourceTree = "<group>"; };
		73ACDE592626491C00E99C36 /* FeedUIComposer.swift */ = {isa = PBXFileReference; lastKnownFileType = sourcecode.swift; path = FeedUIComposer.swift; sourceTree = "<group>"; };
		73BF706425EADF5700AFBAB2 /* CacheFeedUseCaseTests.swift */ = {isa = PBXFileReference; lastKnownFileType = sourcecode.swift; path = CacheFeedUseCaseTests.swift; sourceTree = "<group>"; };
		73E46F5625E1D18B0005A2CA /* XCTestCase+MemoryLeakTrackingHelper.swift */ = {isa = PBXFileReference; lastKnownFileType = sourcecode.swift; path = "XCTestCase+MemoryLeakTrackingHelper.swift"; sourceTree = "<group>"; };
		73E46F6525E2F2D50005A2CA /* URLSessionHTTPClient.swift */ = {isa = PBXFileReference; lastKnownFileType = sourcecode.swift; path = URLSessionHTTPClient.swift; sourceTree = "<group>"; };
		73E46F6D25E463D60005A2CA /* EssentialFeedAPIEndToEndTests.xctest */ = {isa = PBXFileReference; explicitFileType = wrapper.cfbundle; includeInIndex = 0; path = EssentialFeedAPIEndToEndTests.xctest; sourceTree = BUILT_PRODUCTS_DIR; };
		73E46F6F25E463D60005A2CA /* EssentialFeedAPIEndToEndTests.swift */ = {isa = PBXFileReference; lastKnownFileType = sourcecode.swift; path = EssentialFeedAPIEndToEndTests.swift; sourceTree = "<group>"; };
		73E46F7125E463D60005A2CA /* Info.plist */ = {isa = PBXFileReference; lastKnownFileType = text.plist.xml; path = Info.plist; sourceTree = "<group>"; };
		73F686D12604024C00CEFA6F /* CodableFeedStore.swift */ = {isa = PBXFileReference; lastKnownFileType = sourcecode.swift; path = CodableFeedStore.swift; sourceTree = "<group>"; };
		73F686D626061DB200CEFA6F /* FeedStoreSpecs.swift */ = {isa = PBXFileReference; lastKnownFileType = sourcecode.swift; path = FeedStoreSpecs.swift; sourceTree = "<group>"; };
		73F686DB26061E8900CEFA6F /* XCTestCase+FeedStoreSpecs.swift */ = {isa = PBXFileReference; lastKnownFileType = sourcecode.swift; path = "XCTestCase+FeedStoreSpecs.swift"; sourceTree = "<group>"; };
		9A6131BC25D49935009C5C60 /* LoadFeedFromRemoteUseCaseTests.swift */ = {isa = PBXFileReference; lastKnownFileType = sourcecode.swift; path = LoadFeedFromRemoteUseCaseTests.swift; sourceTree = "<group>"; };
		9AEC77B525D5D8FA00DBA48D /* RemoteFeedLoader.swift */ = {isa = PBXFileReference; lastKnownFileType = sourcecode.swift; path = RemoteFeedLoader.swift; sourceTree = "<group>"; };
		9AEC7CAC25DAB98800DBA48D /* HTTPClient.swift */ = {isa = PBXFileReference; lastKnownFileType = sourcecode.swift; path = HTTPClient.swift; sourceTree = "<group>"; };
		9AEC7D7525DB1E4300DBA48D /* FeedItemsMapper.swift */ = {isa = PBXFileReference; lastKnownFileType = sourcecode.swift; path = FeedItemsMapper.swift; sourceTree = "<group>"; };
		9AFDCB7325D48A44007B7D6D /* EssentialFeed.framework */ = {isa = PBXFileReference; explicitFileType = wrapper.framework; includeInIndex = 0; path = EssentialFeed.framework; sourceTree = BUILT_PRODUCTS_DIR; };
		9AFDCB7725D48A44007B7D6D /* Info.plist */ = {isa = PBXFileReference; lastKnownFileType = text.plist.xml; path = Info.plist; sourceTree = "<group>"; };
		9AFDCB7C25D48A45007B7D6D /* EssentialFeedTests.xctest */ = {isa = PBXFileReference; explicitFileType = wrapper.cfbundle; includeInIndex = 0; path = EssentialFeedTests.xctest; sourceTree = BUILT_PRODUCTS_DIR; };
		9AFDCB8325D48A45007B7D6D /* Info.plist */ = {isa = PBXFileReference; lastKnownFileType = text.plist.xml; path = Info.plist; sourceTree = "<group>"; };
		9AFDCB9225D48BA1007B7D6D /* FeedLoader.swift */ = {isa = PBXFileReference; lastKnownFileType = sourcecode.swift; path = FeedLoader.swift; sourceTree = "<group>"; };
		9AFDCB9625D48C24007B7D6D /* FeedImage.swift */ = {isa = PBXFileReference; lastKnownFileType = sourcecode.swift; path = FeedImage.swift; sourceTree = "<group>"; };
/* End PBXFileReference section */

/* Begin PBXFrameworksBuildPhase section */
		73632D4C2617ADEA00727109 /* Frameworks */ = {
			isa = PBXFrameworksBuildPhase;
			buildActionMask = 2147483647;
			files = (
				73632D542617ADEA00727109 /* EssentialFeed.framework in Frameworks */,
			);
			runOnlyForDeploymentPostprocessing = 0;
		};
		7366AC6C261B530B00773EA4 /* Frameworks */ = {
			isa = PBXFrameworksBuildPhase;
			buildActionMask = 2147483647;
			files = (
				734768BB261B7C0800351C01 /* EssentialFeed.framework in Frameworks */,
			);
			runOnlyForDeploymentPostprocessing = 0;
		};
		7366AC74261B530B00773EA4 /* Frameworks */ = {
			isa = PBXFrameworksBuildPhase;
			buildActionMask = 2147483647;
			files = (
				7366AC78261B530B00773EA4 /* EssentialFeediOS.framework in Frameworks */,
			);
			runOnlyForDeploymentPostprocessing = 0;
		};
		73E46F6A25E463D60005A2CA /* Frameworks */ = {
			isa = PBXFrameworksBuildPhase;
			buildActionMask = 2147483647;
			files = (
				73E46F7225E463D60005A2CA /* EssentialFeed.framework in Frameworks */,
			);
			runOnlyForDeploymentPostprocessing = 0;
		};
		9AFDCB7025D48A44007B7D6D /* Frameworks */ = {
			isa = PBXFrameworksBuildPhase;
			buildActionMask = 2147483647;
			files = (
			);
			runOnlyForDeploymentPostprocessing = 0;
		};
		9AFDCB7925D48A45007B7D6D /* Frameworks */ = {
			isa = PBXFrameworksBuildPhase;
			buildActionMask = 2147483647;
			files = (
				9AFDCB7D25D48A45007B7D6D /* EssentialFeed.framework in Frameworks */,
			);
			runOnlyForDeploymentPostprocessing = 0;
		};
/* End PBXFrameworksBuildPhase section */

/* Begin PBXGroup section */
		734768A9261B793100351C01 /* Frameworks */ = {
			isa = PBXGroup;
			children = (
			);
			name = Frameworks;
			sourceTree = "<group>";
		};
		734768EB2624ECB900351C01 /* Helpers */ = {
			isa = PBXGroup;
			children = (
				734768EC2624ECC800351C01 /* UIImage+TestHelpers.swift */,
				734768F82624ED5000351C01 /* UIRefreshControl+TestHelpers.swift */,
				734768FF2624ED8A00351C01 /* UIButton+TestHelpers.swift */,
				734769062624EDED00351C01 /* UIControl+TestHelpers.swift */,
				7347691C2624EFC900351C01 /* FeedImageCell+TestHelpers.swift */,
				734769152624EF4700351C01 /* FeedViewController+TestHelpers.swift */,
				734769232624F07400351C01 /* FeedViewControllerTests+LoaderSpy.swift */,
				7347692A2624F0F600351C01 /* FeedViewControllerTests+Assertions.swift */,
				7323A77A263E9E7E000692EE /* FeedViewControllerTests+Localizations.swift */,
			);
			path = Helpers;
			sourceTree = "<group>";
		};
		7347690D2624EE5E00351C01 /* Controllers */ = {
			isa = PBXGroup;
			children = (
				734768CB261B977900351C01 /* FeedViewController.swift */,
				73ACDE442624F5E300E99C36 /* FeedRefreshController.swift */,
				73ACDE512624FC0E00E99C36 /* FeedImageCellController.swift */,
			);
			path = Controllers;
			sourceTree = "<group>";
		};
		7347690E2624EE6400351C01 /* Views */ = {
			isa = PBXGroup;
			children = (
				734768D2261D0CE400351C01 /* FeedImageCell.swift */,
				734768E42622622200351C01 /* UIView+Shimmering.swift */,
				73952CEE263DE94A00B1A208 /* UITableView+Dequeueing.swift */,
				73952CF6263E08DB00B1A208 /* UIImageView+Animations.swift */,
				7362CCFA2663E1BB002044E0 /* ErrorView.swift */,
			);
			path = Views;
			sourceTree = "<group>";
		};
		734769312624F18E00351C01 /* FeedUI */ = {
			isa = PBXGroup;
			children = (
				73ACDE582626491200E99C36 /* Composers */,
				7347690E2624EE6400351C01 /* Views */,
				7347690D2624EE5E00351C01 /* Controllers */,
			);
			path = FeedUI;
			sourceTree = "<group>";
		};
		734769322624F19900351C01 /* FeedUI */ = {
			isa = PBXGroup;
			children = (
				7366ACA0261B64A200773EA4 /* FeedUIIntegrationTests.swift */,
			);
			path = FeedUI;
			sourceTree = "<group>";
		};
		7350722C265B0291004A0D11 /* Infrastructure */ = {
			isa = PBXGroup;
			children = (
				73507231265B0320004A0D11 /* CoreData */,
				73F686D12604024C00CEFA6F /* CodableFeedStore.swift */,
				73A352AE265A968D00572AAD /* CoreDataFeedStore.xcdatamodeld */,
				73507216265A9C5D004A0D11 /* CoreDataFeedStore.swift */,
			);
			path = Infrastructure;
			sourceTree = "<group>";
		};
		73507231265B0320004A0D11 /* CoreData */ = {
			isa = PBXGroup;
			children = (
				73507232265B032B004A0D11 /* CoreDataHelpers.swift */,
				7350723C265B0389004A0D11 /* ManagedCache.swift */,
				73507242265B03E2004A0D11 /* ManagedFeedImage.swift */,
			);
			path = CoreData;
			sourceTree = "<group>";
		};
		73599193266EC34F00FD33CB /* Helpers */ = {
			isa = PBXGroup;
			children = (
				73599195266EC35800FD33CB /* HTTPURLResponse+StatusCode.swift */,
			);
			path = Helpers;
			sourceTree = "<group>";
		};
		7359F56226069F79007D8BD9 /* FeedStoreSpecs */ = {
			isa = PBXGroup;
			children = (
				73F686D626061DB200CEFA6F /* FeedStoreSpecs.swift */,
				73F686DB26061E8900CEFA6F /* XCTestCase+FeedStoreSpecs.swift */,
				7359F55326069A88007D8BD9 /* XCTestCase+FailableRetrieveFeedStoreSpecs.swift */,
				7359F55826069C73007D8BD9 /* XCTestCase+FailableInsertFeedStoreSpecs.swift */,
				7359F55D26069E05007D8BD9 /* XCTestCase+FailableDeleteFeedStoreSpecs.swift */,
			);
			path = FeedStoreSpecs;
			sourceTree = "<group>";
		};
		73632D502617ADEA00727109 /* EssentialFeedCacheIntegrationTests */ = {
			isa = PBXGroup;
			children = (
				73632D512617ADEA00727109 /* EssentialFeedCacheIntegrationTests.swift */,
				73632D532617ADEA00727109 /* Info.plist */,
			);
			path = EssentialFeedCacheIntegrationTests;
			sourceTree = "<group>";
		};
		7366AC70261B530B00773EA4 /* EssentialFeediOS */ = {
			isa = PBXGroup;
			children = (
				734769312624F18E00351C01 /* FeedUI */,
				7366AC72261B530B00773EA4 /* Info.plist */,
			);
			path = EssentialFeediOS;
			sourceTree = "<group>";
		};
		7366AC7B261B530B00773EA4 /* EssentialFeediOSTests */ = {
			isa = PBXGroup;
			children = (
				734769322624F19900351C01 /* FeedUI */,
				734768EB2624ECB900351C01 /* Helpers */,
				7366AC7E261B530B00773EA4 /* Info.plist */,
			);
			path = EssentialFeediOSTests;
			sourceTree = "<group>";
		};
		736C610525F4FA9E00C11512 /* Helpers */ = {
			isa = PBXGroup;
			children = (
				736C610625F4FABA00C11512 /* FeedStoreSpy.swift */,
				73666A1F25FADE9E00200F6D /* FeedCacheTestHelpers.swift */,
			);
			path = Helpers;
			sourceTree = "<group>";
		};
		73734C8B25F3AF9B008EE215 /* Feed Cache */ = {
			isa = PBXGroup;
			children = (
				73734C8C25F3AFBA008EE215 /* LocalFeedLoader.swift */,
				73734C9425F3B046008EE215 /* FeedStore.swift */,
				73734CA125F3E63D008EE215 /* LocalFeedImage.swift */,
				733506E125FBED8C00E1CB02 /* FeedCachePolicy.swift */,
				7350722C265B0291004A0D11 /* Infrastructure */,
			);
			path = "Feed Cache";
			sourceTree = "<group>";
		};
		7387D017266D4ECE00731B9D /* Helpers */ = {
			isa = PBXGroup;
			children = (
				7387D018266D4EEE00731B9D /* HTTPClientSpy.swift */,
				7359919C266EC3C500FD33CB /* URLProtocolStub.swift */,
			);
			path = Helpers;
			sourceTree = "<group>";
		};
		739B47B32660435C007F34B0 /* Feed Presentation */ = {
			isa = PBXGroup;
			children = (
				739B47B5266043E3007F34B0 /* FeedPresenterTests.swift */,
				7323A79A263EADC1000692EE /* FeedLocalizationTests.swift */,
				737E1F5C2662F38D00C98B88 /* FeedImagePresenterTests.swift */,
			);
			path = "Feed Presentation";
			sourceTree = "<group>";
		};
		739B47D1266298EA007F34B0 /* Feed Presentation */ = {
			isa = PBXGroup;
			children = (
				739B47D226629941007F34B0 /* FeedPresenter.swift */,
				737E1F7C2663A4BF00C98B88 /* FeedImagePresenter.swift */,
				739B47E426629AFC007F34B0 /* FeedViewModel.swift */,
				737E1F932663B24900C98B88 /* FeedImageViewModel.swift */,
				739B47EB26629B1B007F34B0 /* FeedLoadingViewModel.swift */,
				7362CCEE2663D29C002044E0 /* FeedErrorViewModel.swift */,
				739B47CA2662941C007F34B0 /* Feed.strings */,
			);
			path = "Feed Presentation";
			sourceTree = "<group>";
		};
		73ACDE582626491200E99C36 /* Composers */ = {
			isa = PBXGroup;
			children = (
				73ACDE592626491C00E99C36 /* FeedUIComposer.swift */,
				730471C1263F258600D451DA /* MainQueueDispatchDecorator.swift */,
				730471C9263F261B00D451DA /* WeakRefVirtualProxy.swift */,
				730471D0263F269D00D451DA /* FeedLoaderPresentationAdapter.swift */,
				730471D7263F26F800D451DA /* FeedImagePresentationAdapter.swift */,
				730471DE263F275E00D451DA /* FeedViewAdapter.swift */,
			);
			path = Composers;
			sourceTree = "<group>";
		};
		73BF706325EADF2D00AFBAB2 /* Feed Cache */ = {
			isa = PBXGroup;
			children = (
				736C610525F4FA9E00C11512 /* Helpers */,
				7359F56226069F79007D8BD9 /* FeedStoreSpecs */,
				73BF706425EADF5700AFBAB2 /* CacheFeedUseCaseTests.swift */,
				736C610025F4F99100C11512 /* LoadFeedFromCacheUseCaseTests.swift */,
				73666A1A25FAD9EE00200F6D /* ValidateFeedCacheUseCaseTests.swift */,
				733506E625FE2DE400E1CB02 /* CodableFeedStoreTests.swift */,
				738C8E18265982C300AF7545 /* CoreDataFeedStoreTests.swift */,
			);
			path = "Feed Cache";
			sourceTree = "<group>";
		};
		73E46F5525E1D15E0005A2CA /* Helpers */ = {
			isa = PBXGroup;
			children = (
				73E46F5625E1D18B0005A2CA /* XCTestCase+MemoryLeakTrackingHelper.swift */,
				73666A2425FADF6A00200F6D /* SharedTestHelpers.swift */,
			);
			path = Helpers;
			sourceTree = "<group>";
		};
		73E46F5C25E1D2DD0005A2CA /* Feed API */ = {
			isa = PBXGroup;
			children = (
				7387D017266D4ECE00731B9D /* Helpers */,
				9A6131BC25D49935009C5C60 /* LoadFeedFromRemoteUseCaseTests.swift */,
				7362CD54266BB334002044E0 /* LoadFeedImageDataFromRemoteUseCaseTests.swift */,
				7378604025DDC95E00425332 /* URLSessionHTTPClientTests.swift */,
			);
			path = "Feed API";
			sourceTree = "<group>";
		};
		73E46F6E25E463D60005A2CA /* EssentialFeedAPIEndToEndTests */ = {
			isa = PBXGroup;
			children = (
				73E46F6F25E463D60005A2CA /* EssentialFeedAPIEndToEndTests.swift */,
				73E46F7125E463D60005A2CA /* Info.plist */,
			);
			path = EssentialFeedAPIEndToEndTests;
			sourceTree = "<group>";
		};
		9AEC77B425D5D8E900DBA48D /* Feed API */ = {
			isa = PBXGroup;
			children = (
				73599193266EC34F00FD33CB /* Helpers */,
				9AEC7D7525DB1E4300DBA48D /* FeedItemsMapper.swift */,
				9AEC7CAC25DAB98800DBA48D /* HTTPClient.swift */,
				73734C9925F3E5D9008EE215 /* RemoteFeedItem.swift */,
				9AEC77B525D5D8FA00DBA48D /* RemoteFeedLoader.swift */,
				73E46F6525E2F2D50005A2CA /* URLSessionHTTPClient.swift */,
				7387D030266D4FA900731B9D /* RemoteFeedImageDataLoader.swift */,
			);
			path = "Feed API";
			sourceTree = "<group>";
		};
		9AFDCB6925D48A44007B7D6D = {
			isa = PBXGroup;
			children = (
				9AFDCB7525D48A44007B7D6D /* EssentialFeed */,
				9AFDCB8025D48A45007B7D6D /* EssentialFeedTests */,
				73E46F6E25E463D60005A2CA /* EssentialFeedAPIEndToEndTests */,
				73632D502617ADEA00727109 /* EssentialFeedCacheIntegrationTests */,
				7366AC70261B530B00773EA4 /* EssentialFeediOS */,
				7366AC7B261B530B00773EA4 /* EssentialFeediOSTests */,
				9AFDCB7425D48A44007B7D6D /* Products */,
				734768A9261B793100351C01 /* Frameworks */,
			);
			sourceTree = "<group>";
		};
		9AFDCB7425D48A44007B7D6D /* Products */ = {
			isa = PBXGroup;
			children = (
				9AFDCB7325D48A44007B7D6D /* EssentialFeed.framework */,
				9AFDCB7C25D48A45007B7D6D /* EssentialFeedTests.xctest */,
				73E46F6D25E463D60005A2CA /* EssentialFeedAPIEndToEndTests.xctest */,
				73632D4F2617ADEA00727109 /* EssentialFeedCacheIntegrationTests.xctest */,
				7366AC6F261B530B00773EA4 /* EssentialFeediOS.framework */,
				7366AC77261B530B00773EA4 /* EssentialFeediOSTests.xctest */,
			);
			name = Products;
			sourceTree = "<group>";
		};
		9AFDCB7525D48A44007B7D6D /* EssentialFeed */ = {
			isa = PBXGroup;
			children = (
				73734C8B25F3AF9B008EE215 /* Feed Cache */,
				9AEC77B425D5D8E900DBA48D /* Feed API */,
				9AFDCB9125D48B80007B7D6D /* Feed Feature */,
				739B47D1266298EA007F34B0 /* Feed Presentation */,
				9AFDCB7725D48A44007B7D6D /* Info.plist */,
			);
			path = EssentialFeed;
			sourceTree = "<group>";
		};
		9AFDCB8025D48A45007B7D6D /* EssentialFeedTests */ = {
			isa = PBXGroup;
			children = (
				9AFDCB8325D48A45007B7D6D /* Info.plist */,
				73E46F5525E1D15E0005A2CA /* Helpers */,
				73BF706325EADF2D00AFBAB2 /* Feed Cache */,
				73E46F5C25E1D2DD0005A2CA /* Feed API */,
				739B47B32660435C007F34B0 /* Feed Presentation */,
			);
			path = EssentialFeedTests;
			sourceTree = "<group>";
		};
		9AFDCB9125D48B80007B7D6D /* Feed Feature */ = {
			isa = PBXGroup;
			children = (
				734769392624F1FB00351C01 /* FeedImageDataLoader.swift */,
				9AFDCB9225D48BA1007B7D6D /* FeedLoader.swift */,
				9AFDCB9625D48C24007B7D6D /* FeedImage.swift */,
			);
			path = "Feed Feature";
			sourceTree = "<group>";
		};
/* End PBXGroup section */

/* Begin PBXHeadersBuildPhase section */
		7366AC6A261B530B00773EA4 /* Headers */ = {
			isa = PBXHeadersBuildPhase;
			buildActionMask = 2147483647;
			files = (
			);
			runOnlyForDeploymentPostprocessing = 0;
		};
		9AFDCB6E25D48A44007B7D6D /* Headers */ = {
			isa = PBXHeadersBuildPhase;
			buildActionMask = 2147483647;
			files = (
			);
			runOnlyForDeploymentPostprocessing = 0;
		};
/* End PBXHeadersBuildPhase section */

/* Begin PBXNativeTarget section */
		73632D4E2617ADEA00727109 /* EssentialFeedCacheIntegrationTests */ = {
			isa = PBXNativeTarget;
			buildConfigurationList = 73632D592617ADEA00727109 /* Build configuration list for PBXNativeTarget "EssentialFeedCacheIntegrationTests" */;
			buildPhases = (
				73632D4B2617ADEA00727109 /* Sources */,
				73632D4C2617ADEA00727109 /* Frameworks */,
				73632D4D2617ADEA00727109 /* Resources */,
			);
			buildRules = (
			);
			dependencies = (
				73632D562617ADEA00727109 /* PBXTargetDependency */,
			);
			name = EssentialFeedCacheIntegrationTests;
			productName = EssentialFeedCacheIntegrationTests;
			productReference = 73632D4F2617ADEA00727109 /* EssentialFeedCacheIntegrationTests.xctest */;
			productType = "com.apple.product-type.bundle.unit-test";
		};
		7366AC6E261B530B00773EA4 /* EssentialFeediOS */ = {
			isa = PBXNativeTarget;
			buildConfigurationList = 7366AC80261B530B00773EA4 /* Build configuration list for PBXNativeTarget "EssentialFeediOS" */;
			buildPhases = (
				7366AC6A261B530B00773EA4 /* Headers */,
				7366AC6B261B530B00773EA4 /* Sources */,
				7366AC6C261B530B00773EA4 /* Frameworks */,
				7366AC6D261B530B00773EA4 /* Resources */,
				734768BF261B7C0800351C01 /* Embed Frameworks */,
			);
			buildRules = (
			);
			dependencies = (
				734768BE261B7C0800351C01 /* PBXTargetDependency */,
			);
			name = EssentialFeediOS;
			productName = EssentialFeediOS;
			productReference = 7366AC6F261B530B00773EA4 /* EssentialFeediOS.framework */;
			productType = "com.apple.product-type.framework";
		};
		7366AC76261B530B00773EA4 /* EssentialFeediOSTests */ = {
			isa = PBXNativeTarget;
			buildConfigurationList = 7366AC83261B530B00773EA4 /* Build configuration list for PBXNativeTarget "EssentialFeediOSTests" */;
			buildPhases = (
				7366AC73261B530B00773EA4 /* Sources */,
				7366AC74261B530B00773EA4 /* Frameworks */,
				7366AC75261B530B00773EA4 /* Resources */,
			);
			buildRules = (
			);
			dependencies = (
				7366AC7A261B530B00773EA4 /* PBXTargetDependency */,
			);
			name = EssentialFeediOSTests;
			productName = EssentialFeediOSTests;
			productReference = 7366AC77261B530B00773EA4 /* EssentialFeediOSTests.xctest */;
			productType = "com.apple.product-type.bundle.unit-test";
		};
		73E46F6C25E463D60005A2CA /* EssentialFeedAPIEndToEndTests */ = {
			isa = PBXNativeTarget;
			buildConfigurationList = 73E46F7525E463D60005A2CA /* Build configuration list for PBXNativeTarget "EssentialFeedAPIEndToEndTests" */;
			buildPhases = (
				73E46F6925E463D60005A2CA /* Sources */,
				73E46F6A25E463D60005A2CA /* Frameworks */,
				73E46F6B25E463D60005A2CA /* Resources */,
			);
			buildRules = (
			);
			dependencies = (
				73E46F7425E463D60005A2CA /* PBXTargetDependency */,
			);
			name = EssentialFeedAPIEndToEndTests;
			productName = EssentialFeedAPIEndToEndTests;
			productReference = 73E46F6D25E463D60005A2CA /* EssentialFeedAPIEndToEndTests.xctest */;
			productType = "com.apple.product-type.bundle.unit-test";
		};
		9AFDCB7225D48A44007B7D6D /* EssentialFeed */ = {
			isa = PBXNativeTarget;
			buildConfigurationList = 9AFDCB8725D48A45007B7D6D /* Build configuration list for PBXNativeTarget "EssentialFeed" */;
			buildPhases = (
				9AFDCB6E25D48A44007B7D6D /* Headers */,
				9AFDCB6F25D48A44007B7D6D /* Sources */,
				9AFDCB7025D48A44007B7D6D /* Frameworks */,
				9AFDCB7125D48A44007B7D6D /* Resources */,
			);
			buildRules = (
			);
			dependencies = (
			);
			name = EssentialFeed;
			productName = EssentialFeed;
			productReference = 9AFDCB7325D48A44007B7D6D /* EssentialFeed.framework */;
			productType = "com.apple.product-type.framework";
		};
		9AFDCB7B25D48A45007B7D6D /* EssentialFeedTests */ = {
			isa = PBXNativeTarget;
			buildConfigurationList = 9AFDCB8A25D48A45007B7D6D /* Build configuration list for PBXNativeTarget "EssentialFeedTests" */;
			buildPhases = (
				9AFDCB7825D48A45007B7D6D /* Sources */,
				9AFDCB7925D48A45007B7D6D /* Frameworks */,
				9AFDCB7A25D48A45007B7D6D /* Resources */,
			);
			buildRules = (
			);
			dependencies = (
				9AFDCB7F25D48A45007B7D6D /* PBXTargetDependency */,
			);
			name = EssentialFeedTests;
			productName = EssentialFeedTests;
			productReference = 9AFDCB7C25D48A45007B7D6D /* EssentialFeedTests.xctest */;
			productType = "com.apple.product-type.bundle.unit-test";
		};
/* End PBXNativeTarget section */

/* Begin PBXProject section */
		9AFDCB6A25D48A44007B7D6D /* Project object */ = {
			isa = PBXProject;
			attributes = {
				LastSwiftUpdateCheck = 1200;
				LastUpgradeCheck = 1220;
				TargetAttributes = {
					73632D4E2617ADEA00727109 = {
						CreatedOnToolsVersion = 12.0.1;
					};
					7366AC6E261B530B00773EA4 = {
						CreatedOnToolsVersion = 12.0.1;
						LastSwiftMigration = 1200;
					};
					7366AC76261B530B00773EA4 = {
						CreatedOnToolsVersion = 12.0.1;
						LastSwiftMigration = 1200;
					};
					73E46F6C25E463D60005A2CA = {
						CreatedOnToolsVersion = 12.4;
					};
					9AFDCB7225D48A44007B7D6D = {
						CreatedOnToolsVersion = 12.2;
						LastSwiftMigration = 1220;
					};
					9AFDCB7B25D48A45007B7D6D = {
						CreatedOnToolsVersion = 12.2;
						LastSwiftMigration = 1200;
					};
				};
			};
			buildConfigurationList = 9AFDCB6D25D48A44007B7D6D /* Build configuration list for PBXProject "EssentialFeed" */;
			compatibilityVersion = "Xcode 9.3";
			developmentRegion = en;
			hasScannedForEncodings = 0;
			knownRegions = (
				en,
				Base,
				it,
			);
			mainGroup = 9AFDCB6925D48A44007B7D6D;
			productRefGroup = 9AFDCB7425D48A44007B7D6D /* Products */;
			projectDirPath = "";
			projectRoot = "";
			targets = (
				9AFDCB7225D48A44007B7D6D /* EssentialFeed */,
				9AFDCB7B25D48A45007B7D6D /* EssentialFeedTests */,
				73E46F6C25E463D60005A2CA /* EssentialFeedAPIEndToEndTests */,
				73632D4E2617ADEA00727109 /* EssentialFeedCacheIntegrationTests */,
				7366AC6E261B530B00773EA4 /* EssentialFeediOS */,
				7366AC76261B530B00773EA4 /* EssentialFeediOSTests */,
			);
		};
/* End PBXProject section */

/* Begin PBXResourcesBuildPhase section */
		73632D4D2617ADEA00727109 /* Resources */ = {
			isa = PBXResourcesBuildPhase;
			buildActionMask = 2147483647;
			files = (
			);
			runOnlyForDeploymentPostprocessing = 0;
		};
		7366AC6D261B530B00773EA4 /* Resources */ = {
			isa = PBXResourcesBuildPhase;
			buildActionMask = 2147483647;
			files = (
			);
			runOnlyForDeploymentPostprocessing = 0;
		};
		7366AC75261B530B00773EA4 /* Resources */ = {
			isa = PBXResourcesBuildPhase;
			buildActionMask = 2147483647;
			files = (
			);
			runOnlyForDeploymentPostprocessing = 0;
		};
		73E46F6B25E463D60005A2CA /* Resources */ = {
			isa = PBXResourcesBuildPhase;
			buildActionMask = 2147483647;
			files = (
			);
			runOnlyForDeploymentPostprocessing = 0;
		};
		9AFDCB7125D48A44007B7D6D /* Resources */ = {
			isa = PBXResourcesBuildPhase;
			buildActionMask = 2147483647;
			files = (
				739B47D9266299A6007F34B0 /* Feed.strings in Resources */,
			);
			runOnlyForDeploymentPostprocessing = 0;
		};
		9AFDCB7A25D48A45007B7D6D /* Resources */ = {
			isa = PBXResourcesBuildPhase;
			buildActionMask = 2147483647;
			files = (
			);
			runOnlyForDeploymentPostprocessing = 0;
		};
/* End PBXResourcesBuildPhase section */

/* Begin PBXSourcesBuildPhase section */
		73632D4B2617ADEA00727109 /* Sources */ = {
			isa = PBXSourcesBuildPhase;
			buildActionMask = 2147483647;
			files = (
				73632D6C2617B54C00727109 /* SharedTestHelpers.swift in Sources */,
				73632D522617ADEA00727109 /* EssentialFeedCacheIntegrationTests.swift in Sources */,
				73632D672617B53C00727109 /* FeedCacheTestHelpers.swift in Sources */,
				73632D622617B2B200727109 /* XCTestCase+MemoryLeakTrackingHelper.swift in Sources */,
			);
			runOnlyForDeploymentPostprocessing = 0;
		};
		7366AC6B261B530B00773EA4 /* Sources */ = {
			isa = PBXSourcesBuildPhase;
			buildActionMask = 2147483647;
			files = (
				73ACDE452624F5E300E99C36 /* FeedRefreshController.swift in Sources */,
				734768E52622622200351C01 /* UIView+Shimmering.swift in Sources */,
				730471D8263F26F800D451DA /* FeedImagePresentationAdapter.swift in Sources */,
				730471C2263F258600D451DA /* MainQueueDispatchDecorator.swift in Sources */,
				730471D1263F269D00D451DA /* FeedLoaderPresentationAdapter.swift in Sources */,
				734768CC261B977900351C01 /* FeedViewController.swift in Sources */,
				734768D3261D0CE400351C01 /* FeedImageCell.swift in Sources */,
				73952CEF263DE94A00B1A208 /* UITableView+Dequeueing.swift in Sources */,
				73952CF7263E08DB00B1A208 /* UIImageView+Animations.swift in Sources */,
				7362CCFB2663E1BB002044E0 /* ErrorView.swift in Sources */,
				73ACDE522624FC0E00E99C36 /* FeedImageCellController.swift in Sources */,
				730471DF263F275E00D451DA /* FeedViewAdapter.swift in Sources */,
				730471CA263F261B00D451DA /* WeakRefVirtualProxy.swift in Sources */,
				73ACDE5A2626491D00E99C36 /* FeedUIComposer.swift in Sources */,
			);
			runOnlyForDeploymentPostprocessing = 0;
		};
		7366AC73261B530B00773EA4 /* Sources */ = {
			isa = PBXSourcesBuildPhase;
			buildActionMask = 2147483647;
			files = (
				7366ACA1261B64A200773EA4 /* FeedUIIntegrationTests.swift in Sources */,
				7323A77B263E9E7E000692EE /* FeedViewControllerTests+Localizations.swift in Sources */,
				7347692B2624F0F600351C01 /* FeedViewControllerTests+Assertions.swift in Sources */,
				734769002624ED8A00351C01 /* UIButton+TestHelpers.swift in Sources */,
				734768F92624ED5000351C01 /* UIRefreshControl+TestHelpers.swift in Sources */,
				734769072624EDED00351C01 /* UIControl+TestHelpers.swift in Sources */,
				734769242624F07400351C01 /* FeedViewControllerTests+LoaderSpy.swift in Sources */,
				734769162624EF4700351C01 /* FeedViewController+TestHelpers.swift in Sources */,
				734768C5261B7F6D00351C01 /* XCTestCase+MemoryLeakTrackingHelper.swift in Sources */,
				734768ED2624ECC800351C01 /* UIImage+TestHelpers.swift in Sources */,
				7347691D2624EFC900351C01 /* FeedImageCell+TestHelpers.swift in Sources */,
			);
			runOnlyForDeploymentPostprocessing = 0;
		};
		73E46F6925E463D60005A2CA /* Sources */ = {
			isa = PBXSourcesBuildPhase;
			buildActionMask = 2147483647;
			files = (
				73E46F7025E463D60005A2CA /* EssentialFeedAPIEndToEndTests.swift in Sources */,
				73E46F7B25E47F000005A2CA /* XCTestCase+MemoryLeakTrackingHelper.swift in Sources */,
			);
			runOnlyForDeploymentPostprocessing = 0;
		};
		9AFDCB6F25D48A44007B7D6D /* Sources */ = {
			isa = PBXSourcesBuildPhase;
			buildActionMask = 2147483647;
			files = (
				739B47E526629AFC007F34B0 /* FeedViewModel.swift in Sources */,
				73507233265B032B004A0D11 /* CoreDataHelpers.swift in Sources */,
				9AEC7D7625DB1E4300DBA48D /* FeedItemsMapper.swift in Sources */,
				9AFDCB9725D48C24007B7D6D /* FeedImage.swift in Sources */,
				737E1F942663B24900C98B88 /* FeedImageViewModel.swift in Sources */,
				73734C9A25F3E5D9008EE215 /* RemoteFeedItem.swift in Sources */,
				739B47D326629941007F34B0 /* FeedPresenter.swift in Sources */,
				73A352B0265A968D00572AAD /* CoreDataFeedStore.xcdatamodeld in Sources */,
				739B47EC26629B1B007F34B0 /* FeedLoadingViewModel.swift in Sources */,
				733506E225FBED8C00E1CB02 /* FeedCachePolicy.swift in Sources */,
				9AEC77B625D5D8FA00DBA48D /* RemoteFeedLoader.swift in Sources */,
				7362CCEF2663D29C002044E0 /* FeedErrorViewModel.swift in Sources */,
				7362CD36266BB22A002044E0 /* FeedImageDataLoader.swift in Sources */,
				73507217265A9C5D004A0D11 /* CoreDataFeedStore.swift in Sources */,
				73734CA225F3E63D008EE215 /* LocalFeedImage.swift in Sources */,
				73734C9525F3B046008EE215 /* FeedStore.swift in Sources */,
				73599196266EC35800FD33CB /* HTTPURLResponse+StatusCode.swift in Sources */,
				73734C8D25F3AFBA008EE215 /* LocalFeedLoader.swift in Sources */,
				73F686D22604024C00CEFA6F /* CodableFeedStore.swift in Sources */,
				9AEC7CAD25DAB98800DBA48D /* HTTPClient.swift in Sources */,
				9AFDCB9325D48BA1007B7D6D /* FeedLoader.swift in Sources */,
				7350723D265B0389004A0D11 /* ManagedCache.swift in Sources */,
				7387D031266D4FA900731B9D /* RemoteFeedImageDataLoader.swift in Sources */,
				73E46F6625E2F2D50005A2CA /* URLSessionHTTPClient.swift in Sources */,
				737E1F7D2663A4BF00C98B88 /* FeedImagePresenter.swift in Sources */,
				73507243265B03E2004A0D11 /* ManagedFeedImage.swift in Sources */,
			);
			runOnlyForDeploymentPostprocessing = 0;
		};
		9AFDCB7825D48A45007B7D6D /* Sources */ = {
			isa = PBXSourcesBuildPhase;
			buildActionMask = 2147483647;
			files = (
				733506E725FE2DE400E1CB02 /* CodableFeedStoreTests.swift in Sources */,
				73666A2025FADE9E00200F6D /* FeedCacheTestHelpers.swift in Sources */,
				739B480726629DB8007F34B0 /* FeedLocalizationTests.swift in Sources */,
				7359919D266EC3C500FD33CB /* URLProtocolStub.swift in Sources */,
				737E1F5D2662F38D00C98B88 /* FeedImagePresenterTests.swift in Sources */,
				73666A1B25FAD9EE00200F6D /* ValidateFeedCacheUseCaseTests.swift in Sources */,
				9A6131BD25D49935009C5C60 /* LoadFeedFromRemoteUseCaseTests.swift in Sources */,
				7359F55926069C73007D8BD9 /* XCTestCase+FailableInsertFeedStoreSpecs.swift in Sources */,
				73E46F5725E1D18B0005A2CA /* XCTestCase+MemoryLeakTrackingHelper.swift in Sources */,
				739B47B6266043E3007F34B0 /* FeedPresenterTests.swift in Sources */,
				736C610725F4FABA00C11512 /* FeedStoreSpy.swift in Sources */,
				73666A2525FADF6A00200F6D /* SharedTestHelpers.swift in Sources */,
				73BF706525EADF5700AFBAB2 /* CacheFeedUseCaseTests.swift in Sources */,
				7359F55E26069E05007D8BD9 /* XCTestCase+FailableDeleteFeedStoreSpecs.swift in Sources */,
				7359F55426069A88007D8BD9 /* XCTestCase+FailableRetrieveFeedStoreSpecs.swift in Sources */,
				736C610125F4F99100C11512 /* LoadFeedFromCacheUseCaseTests.swift in Sources */,
				7362CD55266BB334002044E0 /* LoadFeedImageDataFromRemoteUseCaseTests.swift in Sources */,
				73F686D726061DB200CEFA6F /* FeedStoreSpecs.swift in Sources */,
				7378604125DDC95E00425332 /* URLSessionHTTPClientTests.swift in Sources */,
				738C8E19265982C300AF7545 /* CoreDataFeedStoreTests.swift in Sources */,
				7387D019266D4EEE00731B9D /* HTTPClientSpy.swift in Sources */,
				73F686DC26061E8900CEFA6F /* XCTestCase+FeedStoreSpecs.swift in Sources */,
			);
			runOnlyForDeploymentPostprocessing = 0;
		};
/* End PBXSourcesBuildPhase section */

/* Begin PBXTargetDependency section */
		734768BE261B7C0800351C01 /* PBXTargetDependency */ = {
			isa = PBXTargetDependency;
			platformFilter = ios;
			target = 9AFDCB7225D48A44007B7D6D /* EssentialFeed */;
			targetProxy = 734768BD261B7C0800351C01 /* PBXContainerItemProxy */;
		};
		73632D562617ADEA00727109 /* PBXTargetDependency */ = {
			isa = PBXTargetDependency;
			target = 9AFDCB7225D48A44007B7D6D /* EssentialFeed */;
			targetProxy = 73632D552617ADEA00727109 /* PBXContainerItemProxy */;
		};
		7366AC7A261B530B00773EA4 /* PBXTargetDependency */ = {
			isa = PBXTargetDependency;
			target = 7366AC6E261B530B00773EA4 /* EssentialFeediOS */;
			targetProxy = 7366AC79261B530B00773EA4 /* PBXContainerItemProxy */;
		};
		73E46F7425E463D60005A2CA /* PBXTargetDependency */ = {
			isa = PBXTargetDependency;
			target = 9AFDCB7225D48A44007B7D6D /* EssentialFeed */;
			targetProxy = 73E46F7325E463D60005A2CA /* PBXContainerItemProxy */;
		};
		9AFDCB7F25D48A45007B7D6D /* PBXTargetDependency */ = {
			isa = PBXTargetDependency;
			target = 9AFDCB7225D48A44007B7D6D /* EssentialFeed */;
			targetProxy = 9AFDCB7E25D48A45007B7D6D /* PBXContainerItemProxy */;
		};
/* End PBXTargetDependency section */

/* Begin PBXVariantGroup section */
		739B47CA2662941C007F34B0 /* Feed.strings */ = {
			isa = PBXVariantGroup;
			children = (
				739B47C92662941C007F34B0 /* en */,
				739B47CB26629422007F34B0 /* it */,
			);
			name = Feed.strings;
			sourceTree = "<group>";
		};
/* End PBXVariantGroup section */

/* Begin XCBuildConfiguration section */
		73632D572617ADEA00727109 /* Debug */ = {
			isa = XCBuildConfiguration;
			buildSettings = {
				CODE_SIGN_STYLE = Automatic;
				COMBINE_HIDPI_IMAGES = YES;
				DEVELOPMENT_TEAM = 6JHQ8LLMGS;
				INFOPLIST_FILE = EssentialFeedCacheIntegrationTests/Info.plist;
				LD_RUNPATH_SEARCH_PATHS = (
					"$(inherited)",
					"@executable_path/../Frameworks",
					"@loader_path/../Frameworks",
				);
				PRODUCT_BUNDLE_IDENTIFIER = rick.the.dev.EssentialFeedCacheIntegrationTests;
				PRODUCT_NAME = "$(TARGET_NAME)";
				SUPPORTED_PLATFORMS = "macosx iphonesimulator iphoneos";
				SWIFT_VERSION = 5.0;
			};
			name = Debug;
		};
		73632D582617ADEA00727109 /* Release */ = {
			isa = XCBuildConfiguration;
			buildSettings = {
				CODE_SIGN_STYLE = Automatic;
				COMBINE_HIDPI_IMAGES = YES;
				DEVELOPMENT_TEAM = 6JHQ8LLMGS;
				INFOPLIST_FILE = EssentialFeedCacheIntegrationTests/Info.plist;
				LD_RUNPATH_SEARCH_PATHS = (
					"$(inherited)",
					"@executable_path/../Frameworks",
					"@loader_path/../Frameworks",
				);
				PRODUCT_BUNDLE_IDENTIFIER = rick.the.dev.EssentialFeedCacheIntegrationTests;
				PRODUCT_NAME = "$(TARGET_NAME)";
				SUPPORTED_PLATFORMS = "macosx iphonesimulator iphoneos";
				SWIFT_VERSION = 5.0;
			};
			name = Release;
		};
		7366AC81261B530B00773EA4 /* Debug */ = {
			isa = XCBuildConfiguration;
			buildSettings = {
				CLANG_ENABLE_MODULES = YES;
				CODE_SIGN_STYLE = Automatic;
				DEFINES_MODULE = YES;
				DEVELOPMENT_TEAM = 6JHQ8LLMGS;
				DYLIB_COMPATIBILITY_VERSION = 1;
				DYLIB_CURRENT_VERSION = 1;
				DYLIB_INSTALL_NAME_BASE = "@rpath";
				INFOPLIST_FILE = EssentialFeediOS/Info.plist;
				INSTALL_PATH = "$(LOCAL_LIBRARY_DIR)/Frameworks";
				IPHONEOS_DEPLOYMENT_TARGET = 14.0;
				LD_RUNPATH_SEARCH_PATHS = (
					"$(inherited)",
					"@executable_path/Frameworks",
					"@loader_path/Frameworks",
				);
				PRODUCT_BUNDLE_IDENTIFIER = rick.the.dev.EssentialFeediOS;
				PRODUCT_NAME = "$(TARGET_NAME:c99extidentifier)";
				SDKROOT = iphoneos;
				SKIP_INSTALL = YES;
				SWIFT_OPTIMIZATION_LEVEL = "-Onone";
				SWIFT_VERSION = 5.0;
				TARGETED_DEVICE_FAMILY = "1,2";
			};
			name = Debug;
		};
		7366AC82261B530B00773EA4 /* Release */ = {
			isa = XCBuildConfiguration;
			buildSettings = {
				CLANG_ENABLE_MODULES = YES;
				CODE_SIGN_STYLE = Automatic;
				DEFINES_MODULE = YES;
				DEVELOPMENT_TEAM = 6JHQ8LLMGS;
				DYLIB_COMPATIBILITY_VERSION = 1;
				DYLIB_CURRENT_VERSION = 1;
				DYLIB_INSTALL_NAME_BASE = "@rpath";
				INFOPLIST_FILE = EssentialFeediOS/Info.plist;
				INSTALL_PATH = "$(LOCAL_LIBRARY_DIR)/Frameworks";
				IPHONEOS_DEPLOYMENT_TARGET = 14.0;
				LD_RUNPATH_SEARCH_PATHS = (
					"$(inherited)",
					"@executable_path/Frameworks",
					"@loader_path/Frameworks",
				);
				PRODUCT_BUNDLE_IDENTIFIER = rick.the.dev.EssentialFeediOS;
				PRODUCT_NAME = "$(TARGET_NAME:c99extidentifier)";
				SDKROOT = iphoneos;
				SKIP_INSTALL = YES;
				SWIFT_VERSION = 5.0;
				TARGETED_DEVICE_FAMILY = "1,2";
				VALIDATE_PRODUCT = YES;
			};
			name = Release;
		};
		7366AC84261B530B00773EA4 /* Debug */ = {
			isa = XCBuildConfiguration;
			buildSettings = {
				ALWAYS_EMBED_SWIFT_STANDARD_LIBRARIES = YES;
				CLANG_ENABLE_MODULES = YES;
				CODE_SIGN_STYLE = Automatic;
				DEVELOPMENT_TEAM = 6JHQ8LLMGS;
				INFOPLIST_FILE = EssentialFeediOSTests/Info.plist;
				IPHONEOS_DEPLOYMENT_TARGET = 14.0;
				LD_RUNPATH_SEARCH_PATHS = (
					"$(inherited)",
					"@executable_path/Frameworks",
					"@loader_path/Frameworks",
				);
				PRODUCT_BUNDLE_IDENTIFIER = rick.the.dev.EssentialFeediOSTests;
				PRODUCT_NAME = "$(TARGET_NAME)";
				SDKROOT = iphoneos;
				SWIFT_OPTIMIZATION_LEVEL = "-Onone";
				SWIFT_VERSION = 5.0;
				TARGETED_DEVICE_FAMILY = "1,2";
			};
			name = Debug;
		};
		7366AC85261B530B00773EA4 /* Release */ = {
			isa = XCBuildConfiguration;
			buildSettings = {
				ALWAYS_EMBED_SWIFT_STANDARD_LIBRARIES = YES;
				CLANG_ENABLE_MODULES = YES;
				CODE_SIGN_STYLE = Automatic;
				DEVELOPMENT_TEAM = 6JHQ8LLMGS;
				INFOPLIST_FILE = EssentialFeediOSTests/Info.plist;
				IPHONEOS_DEPLOYMENT_TARGET = 14.0;
				LD_RUNPATH_SEARCH_PATHS = (
					"$(inherited)",
					"@executable_path/Frameworks",
					"@loader_path/Frameworks",
				);
				PRODUCT_BUNDLE_IDENTIFIER = rick.the.dev.EssentialFeediOSTests;
				PRODUCT_NAME = "$(TARGET_NAME)";
				SDKROOT = iphoneos;
				SWIFT_VERSION = 5.0;
				TARGETED_DEVICE_FAMILY = "1,2";
				VALIDATE_PRODUCT = YES;
			};
			name = Release;
		};
		73E46F7625E463D60005A2CA /* Debug */ = {
			isa = XCBuildConfiguration;
			buildSettings = {
				CODE_SIGN_STYLE = Automatic;
				COMBINE_HIDPI_IMAGES = YES;
				DEVELOPMENT_TEAM = 6JHQ8LLMGS;
				INFOPLIST_FILE = EssentialFeedAPIEndToEndTests/Info.plist;
				LD_RUNPATH_SEARCH_PATHS = (
					"$(inherited)",
					"@executable_path/../Frameworks",
					"@loader_path/../Frameworks",
				);
				MACOSX_DEPLOYMENT_TARGET = 10.15;
				PRODUCT_BUNDLE_IDENTIFIER = rick.the.dev.EssentialFeedAPIEndToEndTests;
				PRODUCT_NAME = "$(TARGET_NAME)";
				SUPPORTED_PLATFORMS = "macosx iphonesimulator iphoneos";
				SWIFT_VERSION = 5.0;
			};
			name = Debug;
		};
		73E46F7725E463D60005A2CA /* Release */ = {
			isa = XCBuildConfiguration;
			buildSettings = {
				CODE_SIGN_STYLE = Automatic;
				COMBINE_HIDPI_IMAGES = YES;
				DEVELOPMENT_TEAM = 6JHQ8LLMGS;
				INFOPLIST_FILE = EssentialFeedAPIEndToEndTests/Info.plist;
				LD_RUNPATH_SEARCH_PATHS = (
					"$(inherited)",
					"@executable_path/../Frameworks",
					"@loader_path/../Frameworks",
				);
				MACOSX_DEPLOYMENT_TARGET = 10.15;
				PRODUCT_BUNDLE_IDENTIFIER = rick.the.dev.EssentialFeedAPIEndToEndTests;
				PRODUCT_NAME = "$(TARGET_NAME)";
				SUPPORTED_PLATFORMS = "macosx iphonesimulator iphoneos";
				SWIFT_VERSION = 5.0;
			};
			name = Release;
		};
		9AFDCB8525D48A45007B7D6D /* Debug */ = {
			isa = XCBuildConfiguration;
			buildSettings = {
				ALWAYS_SEARCH_USER_PATHS = NO;
				CLANG_ANALYZER_LOCALIZABILITY_NONLOCALIZED = YES;
				CLANG_ANALYZER_NONNULL = YES;
				CLANG_ANALYZER_NUMBER_OBJECT_CONVERSION = YES_AGGRESSIVE;
				CLANG_CXX_LANGUAGE_STANDARD = "gnu++14";
				CLANG_CXX_LIBRARY = "libc++";
				CLANG_ENABLE_MODULES = YES;
				CLANG_ENABLE_OBJC_ARC = YES;
				CLANG_ENABLE_OBJC_WEAK = YES;
				CLANG_WARN_BLOCK_CAPTURE_AUTORELEASING = YES;
				CLANG_WARN_BOOL_CONVERSION = YES;
				CLANG_WARN_COMMA = YES;
				CLANG_WARN_CONSTANT_CONVERSION = YES;
				CLANG_WARN_DEPRECATED_OBJC_IMPLEMENTATIONS = YES;
				CLANG_WARN_DIRECT_OBJC_ISA_USAGE = YES_ERROR;
				CLANG_WARN_DOCUMENTATION_COMMENTS = YES;
				CLANG_WARN_EMPTY_BODY = YES;
				CLANG_WARN_ENUM_CONVERSION = YES;
				CLANG_WARN_INFINITE_RECURSION = YES;
				CLANG_WARN_INT_CONVERSION = YES;
				CLANG_WARN_NON_LITERAL_NULL_CONVERSION = YES;
				CLANG_WARN_OBJC_IMPLICIT_RETAIN_SELF = YES;
				CLANG_WARN_OBJC_LITERAL_CONVERSION = YES;
				CLANG_WARN_OBJC_ROOT_CLASS = YES_ERROR;
				CLANG_WARN_QUOTED_INCLUDE_IN_FRAMEWORK_HEADER = YES;
				CLANG_WARN_RANGE_LOOP_ANALYSIS = YES;
				CLANG_WARN_STRICT_PROTOTYPES = YES;
				CLANG_WARN_SUSPICIOUS_MOVE = YES;
				CLANG_WARN_UNGUARDED_AVAILABILITY = YES_AGGRESSIVE;
				CLANG_WARN_UNREACHABLE_CODE = YES;
				CLANG_WARN__DUPLICATE_METHOD_MATCH = YES;
				COPY_PHASE_STRIP = NO;
				CURRENT_PROJECT_VERSION = 1;
				DEBUG_INFORMATION_FORMAT = dwarf;
				ENABLE_STRICT_OBJC_MSGSEND = YES;
				ENABLE_TESTABILITY = YES;
				GCC_C_LANGUAGE_STANDARD = gnu11;
				GCC_DYNAMIC_NO_PIC = NO;
				GCC_NO_COMMON_BLOCKS = YES;
				GCC_OPTIMIZATION_LEVEL = 0;
				GCC_PREPROCESSOR_DEFINITIONS = (
					"DEBUG=1",
					"$(inherited)",
				);
				GCC_WARN_64_TO_32_BIT_CONVERSION = YES;
				GCC_WARN_ABOUT_RETURN_TYPE = YES_ERROR;
				GCC_WARN_UNDECLARED_SELECTOR = YES;
				GCC_WARN_UNINITIALIZED_AUTOS = YES_AGGRESSIVE;
				GCC_WARN_UNUSED_FUNCTION = YES;
				GCC_WARN_UNUSED_VARIABLE = YES;
				IPHONEOS_DEPLOYMENT_TARGET = 12.0;
				MACOSX_DEPLOYMENT_TARGET = 10.15;
				MTL_ENABLE_DEBUG_INFO = INCLUDE_SOURCE;
				MTL_FAST_MATH = YES;
				ONLY_ACTIVE_ARCH = YES;
				SDKROOT = macosx;
				SWIFT_ACTIVE_COMPILATION_CONDITIONS = DEBUG;
				SWIFT_OPTIMIZATION_LEVEL = "-Onone";
				SWIFT_VERSION = "";
				VERSIONING_SYSTEM = "apple-generic";
				VERSION_INFO_PREFIX = "";
			};
			name = Debug;
		};
		9AFDCB8625D48A45007B7D6D /* Release */ = {
			isa = XCBuildConfiguration;
			buildSettings = {
				ALWAYS_SEARCH_USER_PATHS = NO;
				CLANG_ANALYZER_LOCALIZABILITY_NONLOCALIZED = YES;
				CLANG_ANALYZER_NONNULL = YES;
				CLANG_ANALYZER_NUMBER_OBJECT_CONVERSION = YES_AGGRESSIVE;
				CLANG_CXX_LANGUAGE_STANDARD = "gnu++14";
				CLANG_CXX_LIBRARY = "libc++";
				CLANG_ENABLE_MODULES = YES;
				CLANG_ENABLE_OBJC_ARC = YES;
				CLANG_ENABLE_OBJC_WEAK = YES;
				CLANG_WARN_BLOCK_CAPTURE_AUTORELEASING = YES;
				CLANG_WARN_BOOL_CONVERSION = YES;
				CLANG_WARN_COMMA = YES;
				CLANG_WARN_CONSTANT_CONVERSION = YES;
				CLANG_WARN_DEPRECATED_OBJC_IMPLEMENTATIONS = YES;
				CLANG_WARN_DIRECT_OBJC_ISA_USAGE = YES_ERROR;
				CLANG_WARN_DOCUMENTATION_COMMENTS = YES;
				CLANG_WARN_EMPTY_BODY = YES;
				CLANG_WARN_ENUM_CONVERSION = YES;
				CLANG_WARN_INFINITE_RECURSION = YES;
				CLANG_WARN_INT_CONVERSION = YES;
				CLANG_WARN_NON_LITERAL_NULL_CONVERSION = YES;
				CLANG_WARN_OBJC_IMPLICIT_RETAIN_SELF = YES;
				CLANG_WARN_OBJC_LITERAL_CONVERSION = YES;
				CLANG_WARN_OBJC_ROOT_CLASS = YES_ERROR;
				CLANG_WARN_QUOTED_INCLUDE_IN_FRAMEWORK_HEADER = YES;
				CLANG_WARN_RANGE_LOOP_ANALYSIS = YES;
				CLANG_WARN_STRICT_PROTOTYPES = YES;
				CLANG_WARN_SUSPICIOUS_MOVE = YES;
				CLANG_WARN_UNGUARDED_AVAILABILITY = YES_AGGRESSIVE;
				CLANG_WARN_UNREACHABLE_CODE = YES;
				CLANG_WARN__DUPLICATE_METHOD_MATCH = YES;
				COPY_PHASE_STRIP = NO;
				CURRENT_PROJECT_VERSION = 1;
				DEBUG_INFORMATION_FORMAT = "dwarf-with-dsym";
				ENABLE_NS_ASSERTIONS = NO;
				ENABLE_STRICT_OBJC_MSGSEND = YES;
				GCC_C_LANGUAGE_STANDARD = gnu11;
				GCC_NO_COMMON_BLOCKS = YES;
				GCC_WARN_64_TO_32_BIT_CONVERSION = YES;
				GCC_WARN_ABOUT_RETURN_TYPE = YES_ERROR;
				GCC_WARN_UNDECLARED_SELECTOR = YES;
				GCC_WARN_UNINITIALIZED_AUTOS = YES_AGGRESSIVE;
				GCC_WARN_UNUSED_FUNCTION = YES;
				GCC_WARN_UNUSED_VARIABLE = YES;
				IPHONEOS_DEPLOYMENT_TARGET = 12.0;
				MACOSX_DEPLOYMENT_TARGET = 10.15;
				MTL_ENABLE_DEBUG_INFO = NO;
				MTL_FAST_MATH = YES;
				SDKROOT = macosx;
				SWIFT_COMPILATION_MODE = wholemodule;
				SWIFT_OPTIMIZATION_LEVEL = "-O";
				SWIFT_VERSION = "";
				VERSIONING_SYSTEM = "apple-generic";
				VERSION_INFO_PREFIX = "";
			};
			name = Release;
		};
		9AFDCB8825D48A45007B7D6D /* Debug */ = {
			isa = XCBuildConfiguration;
			buildSettings = {
				CLANG_ENABLE_MODULES = YES;
				CODE_SIGN_STYLE = Automatic;
				COMBINE_HIDPI_IMAGES = YES;
				DEFINES_MODULE = YES;
				DEVELOPMENT_TEAM = 6JHQ8LLMGS;
				DYLIB_COMPATIBILITY_VERSION = 1;
				DYLIB_CURRENT_VERSION = 1;
				DYLIB_INSTALL_NAME_BASE = "@rpath";
				INFOPLIST_FILE = EssentialFeed/Info.plist;
				INSTALL_PATH = "$(LOCAL_LIBRARY_DIR)/Frameworks";
				LD_RUNPATH_SEARCH_PATHS = (
					"$(inherited)",
					"@executable_path/../Frameworks",
					"@loader_path/Frameworks",
				);
				PRODUCT_BUNDLE_IDENTIFIER = rick.the.dev.EssentialFeed;
				PRODUCT_NAME = "$(TARGET_NAME:c99extidentifier)";
				SKIP_INSTALL = YES;
				SUPPORTED_PLATFORMS = "macosx iphoneos iphonesimulator";
				SWIFT_OPTIMIZATION_LEVEL = "-Onone";
				SWIFT_VERSION = 5.0;
			};
			name = Debug;
		};
		9AFDCB8925D48A45007B7D6D /* Release */ = {
			isa = XCBuildConfiguration;
			buildSettings = {
				CLANG_ENABLE_MODULES = YES;
				CODE_SIGN_STYLE = Automatic;
				COMBINE_HIDPI_IMAGES = YES;
				DEFINES_MODULE = YES;
				DEVELOPMENT_TEAM = 6JHQ8LLMGS;
				DYLIB_COMPATIBILITY_VERSION = 1;
				DYLIB_CURRENT_VERSION = 1;
				DYLIB_INSTALL_NAME_BASE = "@rpath";
				INFOPLIST_FILE = EssentialFeed/Info.plist;
				INSTALL_PATH = "$(LOCAL_LIBRARY_DIR)/Frameworks";
				LD_RUNPATH_SEARCH_PATHS = (
					"$(inherited)",
					"@executable_path/../Frameworks",
					"@loader_path/Frameworks",
				);
				PRODUCT_BUNDLE_IDENTIFIER = rick.the.dev.EssentialFeed;
				PRODUCT_NAME = "$(TARGET_NAME:c99extidentifier)";
				SKIP_INSTALL = YES;
				SUPPORTED_PLATFORMS = "macosx iphoneos iphonesimulator";
				SWIFT_VERSION = 5.0;
			};
			name = Release;
		};
		9AFDCB8B25D48A45007B7D6D /* Debug */ = {
			isa = XCBuildConfiguration;
			buildSettings = {
				ALWAYS_EMBED_SWIFT_STANDARD_LIBRARIES = YES;
				CLANG_ENABLE_MODULES = YES;
				CODE_SIGN_STYLE = Automatic;
				COMBINE_HIDPI_IMAGES = YES;
				DEVELOPMENT_TEAM = 6JHQ8LLMGS;
				INFOPLIST_FILE = EssentialFeedTests/Info.plist;
				LD_RUNPATH_SEARCH_PATHS = (
					"$(inherited)",
					"@executable_path/../Frameworks",
					"@loader_path/../Frameworks",
				);
				PRODUCT_BUNDLE_IDENTIFIER = rick.the.dev.EssentialFeedTests;
				PRODUCT_NAME = "$(TARGET_NAME)";
				SUPPORTED_PLATFORMS = "macosx iphonesimulator iphoneos";
				SWIFT_OPTIMIZATION_LEVEL = "-Onone";
				SWIFT_VERSION = 5.0;
			};
			name = Debug;
		};
		9AFDCB8C25D48A45007B7D6D /* Release */ = {
			isa = XCBuildConfiguration;
			buildSettings = {
				ALWAYS_EMBED_SWIFT_STANDARD_LIBRARIES = YES;
				CLANG_ENABLE_MODULES = YES;
				CODE_SIGN_STYLE = Automatic;
				COMBINE_HIDPI_IMAGES = YES;
				DEVELOPMENT_TEAM = 6JHQ8LLMGS;
				INFOPLIST_FILE = EssentialFeedTests/Info.plist;
				LD_RUNPATH_SEARCH_PATHS = (
					"$(inherited)",
					"@executable_path/../Frameworks",
					"@loader_path/../Frameworks",
				);
				PRODUCT_BUNDLE_IDENTIFIER = rick.the.dev.EssentialFeedTests;
				PRODUCT_NAME = "$(TARGET_NAME)";
				SUPPORTED_PLATFORMS = "macosx iphonesimulator iphoneos";
				SWIFT_VERSION = 5.0;
			};
			name = Release;
		};
/* End XCBuildConfiguration section */

/* Begin XCConfigurationList section */
		73632D592617ADEA00727109 /* Build configuration list for PBXNativeTarget "EssentialFeedCacheIntegrationTests" */ = {
			isa = XCConfigurationList;
			buildConfigurations = (
				73632D572617ADEA00727109 /* Debug */,
				73632D582617ADEA00727109 /* Release */,
			);
			defaultConfigurationIsVisible = 0;
			defaultConfigurationName = Release;
		};
		7366AC80261B530B00773EA4 /* Build configuration list for PBXNativeTarget "EssentialFeediOS" */ = {
			isa = XCConfigurationList;
			buildConfigurations = (
				7366AC81261B530B00773EA4 /* Debug */,
				7366AC82261B530B00773EA4 /* Release */,
			);
			defaultConfigurationIsVisible = 0;
			defaultConfigurationName = Release;
		};
		7366AC83261B530B00773EA4 /* Build configuration list for PBXNativeTarget "EssentialFeediOSTests" */ = {
			isa = XCConfigurationList;
			buildConfigurations = (
				7366AC84261B530B00773EA4 /* Debug */,
				7366AC85261B530B00773EA4 /* Release */,
			);
			defaultConfigurationIsVisible = 0;
			defaultConfigurationName = Release;
		};
		73E46F7525E463D60005A2CA /* Build configuration list for PBXNativeTarget "EssentialFeedAPIEndToEndTests" */ = {
			isa = XCConfigurationList;
			buildConfigurations = (
				73E46F7625E463D60005A2CA /* Debug */,
				73E46F7725E463D60005A2CA /* Release */,
			);
			defaultConfigurationIsVisible = 0;
			defaultConfigurationName = Release;
		};
		9AFDCB6D25D48A44007B7D6D /* Build configuration list for PBXProject "EssentialFeed" */ = {
			isa = XCConfigurationList;
			buildConfigurations = (
				9AFDCB8525D48A45007B7D6D /* Debug */,
				9AFDCB8625D48A45007B7D6D /* Release */,
			);
			defaultConfigurationIsVisible = 0;
			defaultConfigurationName = Release;
		};
		9AFDCB8725D48A45007B7D6D /* Build configuration list for PBXNativeTarget "EssentialFeed" */ = {
			isa = XCConfigurationList;
			buildConfigurations = (
				9AFDCB8825D48A45007B7D6D /* Debug */,
				9AFDCB8925D48A45007B7D6D /* Release */,
			);
			defaultConfigurationIsVisible = 0;
			defaultConfigurationName = Release;
		};
		9AFDCB8A25D48A45007B7D6D /* Build configuration list for PBXNativeTarget "EssentialFeedTests" */ = {
			isa = XCConfigurationList;
			buildConfigurations = (
				9AFDCB8B25D48A45007B7D6D /* Debug */,
				9AFDCB8C25D48A45007B7D6D /* Release */,
			);
			defaultConfigurationIsVisible = 0;
			defaultConfigurationName = Release;
		};
/* End XCConfigurationList section */

/* Begin XCVersionGroup section */
		73A352AE265A968D00572AAD /* CoreDataFeedStore.xcdatamodeld */ = {
			isa = XCVersionGroup;
			children = (
				73A352AF265A968D00572AAD /* CoreDataFeedStore.xcdatamodel */,
			);
			currentVersion = 73A352AF265A968D00572AAD /* CoreDataFeedStore.xcdatamodel */;
			path = CoreDataFeedStore.xcdatamodeld;
			sourceTree = "<group>";
			versionGroupType = wrapper.xcdatamodel;
		};
/* End XCVersionGroup section */
	};
	rootObject = 9AFDCB6A25D48A44007B7D6D /* Project object */;
}
